// !$*UTF8*$!
{
	archiveVersion = 1;
	classes = {
	};
	objectVersion = 46;
	objects = {

/* Begin PBXBuildFile section */
		8D1A1B5F1EB2DEBD00853852 /* TestVC.m in Sources */ = {isa = PBXBuildFile; fileRef = 8D1A1B5A1EB2DEBD00853852 /* TestVC.m */; };
		8D1A1B641EB2E30400853852 /* TestFMDBVC.m in Sources */ = {isa = PBXBuildFile; fileRef = 8D1A1B631EB2E30400853852 /* TestFMDBVC.m */; };
		8D1A1B6F1EB2E68B00853852 /* AppDelegate.m in Sources */ = {isa = PBXBuildFile; fileRef = 8D1A1B6A1EB2E68B00853852 /* AppDelegate.m */; };
		8D1A1B701EB2E68B00853852 /* BaseVC.m in Sources */ = {isa = PBXBuildFile; fileRef = 8D1A1B6C1EB2E68B00853852 /* BaseVC.m */; };
		8D1A1B711EB2E68B00853852 /* ViewController.m in Sources */ = {isa = PBXBuildFile; fileRef = 8D1A1B6E1EB2E68B00853852 /* ViewController.m */; };
		8D1A1B931EB2E6ED00853852 /* FMDatabase.m in Sources */ = {isa = PBXBuildFile; fileRef = 8D1A1B881EB2E6ED00853852 /* FMDatabase.m */; };
		8D1A1B941EB2E6ED00853852 /* FMDatabaseAdditions.m in Sources */ = {isa = PBXBuildFile; fileRef = 8D1A1B8A1EB2E6ED00853852 /* FMDatabaseAdditions.m */; };
		8D1A1B951EB2E6ED00853852 /* FMDatabasePool.m in Sources */ = {isa = PBXBuildFile; fileRef = 8D1A1B8C1EB2E6ED00853852 /* FMDatabasePool.m */; };
		8D1A1B961EB2E6ED00853852 /* FMDatabaseQueue.m in Sources */ = {isa = PBXBuildFile; fileRef = 8D1A1B8E1EB2E6ED00853852 /* FMDatabaseQueue.m */; };
		8D1A1B971EB2E6ED00853852 /* FMResultSet.m in Sources */ = {isa = PBXBuildFile; fileRef = 8D1A1B911EB2E6ED00853852 /* FMResultSet.m */; };
		8D1A1B9A1EB2E77300853852 /* libsqlite3.tbd in Frameworks */ = {isa = PBXBuildFile; fileRef = 8D1A1B991EB2E77300853852 /* libsqlite3.tbd */; };
		8D66ED021EAA071000616746 /* AppDelegate.swift in Sources */ = {isa = PBXBuildFile; fileRef = 8D66ED011EAA071000616746 /* AppDelegate.swift */; };
		8D66ED041EAA071000616746 /* ViewController.swift in Sources */ = {isa = PBXBuildFile; fileRef = 8D66ED031EAA071000616746 /* ViewController.swift */; };
		8D66ED071EAA071000616746 /* Main.storyboard in Resources */ = {isa = PBXBuildFile; fileRef = 8D66ED051EAA071000616746 /* Main.storyboard */; };
		8D66ED091EAA071000616746 /* Assets.xcassets in Resources */ = {isa = PBXBuildFile; fileRef = 8D66ED081EAA071000616746 /* Assets.xcassets */; };
		8D66ED0C1EAA071000616746 /* LaunchScreen.storyboard in Resources */ = {isa = PBXBuildFile; fileRef = 8D66ED0A1EAA071000616746 /* LaunchScreen.storyboard */; };
		8D6AA43A1ED3E78E0032FADC /* NSObject+YYModel.m in Sources */ = {isa = PBXBuildFile; fileRef = 8D6AA4361ED3E78E0032FADC /* NSObject+YYModel.m */; };
		8D6AA43B1ED3E78E0032FADC /* YYClassInfo.m in Sources */ = {isa = PBXBuildFile; fileRef = 8D6AA4381ED3E78E0032FADC /* YYClassInfo.m */; };
		8D6AA43F1ED3E7C70032FADC /* TestYYModelVC.m in Sources */ = {isa = PBXBuildFile; fileRef = 8D6AA43E1ED3E7C70032FADC /* TestYYModelVC.m */; };
		8D7FCF301EB88560004F4AEC /* TestAudioVC.m in Sources */ = {isa = PBXBuildFile; fileRef = 8D7FCF2F1EB88560004F4AEC /* TestAudioVC.m */; };
		8D7FCF3E1EB8883F004F4AEC /* qishiwang.mp3 in Resources */ = {isa = PBXBuildFile; fileRef = 8D7FCF3A1EB8883F004F4AEC /* qishiwang.mp3 */; };
		8D7FCF3F1EB8883F004F4AEC /* temp.wav in Resources */ = {isa = PBXBuildFile; fileRef = 8D7FCF3B1EB8883F004F4AEC /* temp.wav */; };
		8D7FCF401EB8883F004F4AEC /* videoRing.caf in Resources */ = {isa = PBXBuildFile; fileRef = 8D7FCF3C1EB8883F004F4AEC /* videoRing.caf */; };
		8D7FCF411EB8883F004F4AEC /* wxFile.pcm in Resources */ = {isa = PBXBuildFile; fileRef = 8D7FCF3D1EB8883F004F4AEC /* wxFile.pcm */; };
		8DB118DD1E9F456C009E67A8 /* main.m in Sources */ = {isa = PBXBuildFile; fileRef = 8DB118DC1E9F456C009E67A8 /* main.m */; };
		8DB118E61E9F456D009E67A8 /* Main.storyboard in Resources */ = {isa = PBXBuildFile; fileRef = 8DB118E41E9F456D009E67A8 /* Main.storyboard */; };
		8DB118E81E9F456D009E67A8 /* Assets.xcassets in Resources */ = {isa = PBXBuildFile; fileRef = 8DB118E71E9F456D009E67A8 /* Assets.xcassets */; };
		8DB118EB1E9F456D009E67A8 /* LaunchScreen.storyboard in Resources */ = {isa = PBXBuildFile; fileRef = 8DB118E91E9F456D009E67A8 /* LaunchScreen.storyboard */; };
		8DD7A7CC1EB18F15008A3BDA /* comeon.jpg in Resources */ = {isa = PBXBuildFile; fileRef = 8DD7A7CB1EB18F15008A3BDA /* comeon.jpg */; };
		8DE8E1551EB0502E00DD5975 /* main.m in Sources */ = {isa = PBXBuildFile; fileRef = 8DE8E1541EB0502E00DD5975 /* main.m */; };
		8DE8E1581EB0502E00DD5975 /* AppDelegate.m in Sources */ = {isa = PBXBuildFile; fileRef = 8DE8E1571EB0502E00DD5975 /* AppDelegate.m */; };
		8DE8E15B1EB0502E00DD5975 /* ViewController.m in Sources */ = {isa = PBXBuildFile; fileRef = 8DE8E15A1EB0502E00DD5975 /* ViewController.m */; };
		8DE8E15E1EB0502E00DD5975 /* Main.storyboard in Resources */ = {isa = PBXBuildFile; fileRef = 8DE8E15C1EB0502E00DD5975 /* Main.storyboard */; };
		8DE8E1601EB0502E00DD5975 /* Assets.xcassets in Resources */ = {isa = PBXBuildFile; fileRef = 8DE8E15F1EB0502E00DD5975 /* Assets.xcassets */; };
		8DE8E1631EB0502E00DD5975 /* LaunchScreen.storyboard in Resources */ = {isa = PBXBuildFile; fileRef = 8DE8E1611EB0502E00DD5975 /* LaunchScreen.storyboard */; };
		EDDC27481EAF98C900B2B263 /* main.m in Sources */ = {isa = PBXBuildFile; fileRef = EDDC27471EAF98C900B2B263 /* main.m */; };
		EDDC274B1EAF98CA00B2B263 /* AppDelegate.m in Sources */ = {isa = PBXBuildFile; fileRef = EDDC274A1EAF98CA00B2B263 /* AppDelegate.m */; };
		EDDC274E1EAF98CA00B2B263 /* ViewController.m in Sources */ = {isa = PBXBuildFile; fileRef = EDDC274D1EAF98CA00B2B263 /* ViewController.m */; };
		EDDC27511EAF98CA00B2B263 /* Main.storyboard in Resources */ = {isa = PBXBuildFile; fileRef = EDDC274F1EAF98CA00B2B263 /* Main.storyboard */; };
		EDDC27531EAF98CA00B2B263 /* Assets.xcassets in Resources */ = {isa = PBXBuildFile; fileRef = EDDC27521EAF98CA00B2B263 /* Assets.xcassets */; };
		EDDC27561EAF98CA00B2B263 /* LaunchScreen.storyboard in Resources */ = {isa = PBXBuildFile; fileRef = EDDC27541EAF98CA00B2B263 /* LaunchScreen.storyboard */; };
		EDDC275D1EAFA5D700B2B263 /* Person.m in Sources */ = {isa = PBXBuildFile; fileRef = EDDC275C1EAFA5D700B2B263 /* Person.m */; };
/* End PBXBuildFile section */

/* Begin PBXCopyFilesBuildPhase section */
		8DBAFAE11EB0A3E60009DEEC /* Embed App Extensions */ = {
			isa = PBXCopyFilesBuildPhase;
			buildActionMask = 2147483647;
			dstPath = "";
			dstSubfolderSpec = 13;
			files = (
			);
			name = "Embed App Extensions";
			runOnlyForDeploymentPostprocessing = 0;
		};
/* End PBXCopyFilesBuildPhase section */

/* Begin PBXFileReference section */
		8D1A1B591EB2DEBD00853852 /* TestVC.h */ = {isa = PBXFileReference; fileEncoding = 4; lastKnownFileType = sourcecode.c.h; path = TestVC.h; sourceTree = "<group>"; };
		8D1A1B5A1EB2DEBD00853852 /* TestVC.m */ = {isa = PBXFileReference; fileEncoding = 4; lastKnownFileType = sourcecode.c.objc; path = TestVC.m; sourceTree = "<group>"; };
		8D1A1B621EB2E30400853852 /* TestFMDBVC.h */ = {isa = PBXFileReference; fileEncoding = 4; lastKnownFileType = sourcecode.c.h; path = TestFMDBVC.h; sourceTree = "<group>"; };
		8D1A1B631EB2E30400853852 /* TestFMDBVC.m */ = {isa = PBXFileReference; fileEncoding = 4; lastKnownFileType = sourcecode.c.objc; path = TestFMDBVC.m; sourceTree = "<group>"; };
		8D1A1B691EB2E68B00853852 /* AppDelegate.h */ = {isa = PBXFileReference; fileEncoding = 4; lastKnownFileType = sourcecode.c.h; path = AppDelegate.h; sourceTree = "<group>"; };
		8D1A1B6A1EB2E68B00853852 /* AppDelegate.m */ = {isa = PBXFileReference; fileEncoding = 4; lastKnownFileType = sourcecode.c.objc; path = AppDelegate.m; sourceTree = "<group>"; };
		8D1A1B6B1EB2E68B00853852 /* BaseVC.h */ = {isa = PBXFileReference; fileEncoding = 4; lastKnownFileType = sourcecode.c.h; path = BaseVC.h; sourceTree = "<group>"; };
		8D1A1B6C1EB2E68B00853852 /* BaseVC.m */ = {isa = PBXFileReference; fileEncoding = 4; lastKnownFileType = sourcecode.c.objc; path = BaseVC.m; sourceTree = "<group>"; };
		8D1A1B6D1EB2E68B00853852 /* ViewController.h */ = {isa = PBXFileReference; fileEncoding = 4; lastKnownFileType = sourcecode.c.h; path = ViewController.h; sourceTree = "<group>"; };
		8D1A1B6E1EB2E68B00853852 /* ViewController.m */ = {isa = PBXFileReference; fileEncoding = 4; lastKnownFileType = sourcecode.c.objc; path = ViewController.m; sourceTree = "<group>"; };
		8D1A1B871EB2E6ED00853852 /* FMDatabase.h */ = {isa = PBXFileReference; fileEncoding = 4; lastKnownFileType = sourcecode.c.h; path = FMDatabase.h; sourceTree = "<group>"; };
		8D1A1B881EB2E6ED00853852 /* FMDatabase.m */ = {isa = PBXFileReference; fileEncoding = 4; lastKnownFileType = sourcecode.c.objc; path = FMDatabase.m; sourceTree = "<group>"; };
		8D1A1B891EB2E6ED00853852 /* FMDatabaseAdditions.h */ = {isa = PBXFileReference; fileEncoding = 4; lastKnownFileType = sourcecode.c.h; path = FMDatabaseAdditions.h; sourceTree = "<group>"; };
		8D1A1B8A1EB2E6ED00853852 /* FMDatabaseAdditions.m */ = {isa = PBXFileReference; fileEncoding = 4; lastKnownFileType = sourcecode.c.objc; path = FMDatabaseAdditions.m; sourceTree = "<group>"; };
		8D1A1B8B1EB2E6ED00853852 /* FMDatabasePool.h */ = {isa = PBXFileReference; fileEncoding = 4; lastKnownFileType = sourcecode.c.h; path = FMDatabasePool.h; sourceTree = "<group>"; };
		8D1A1B8C1EB2E6ED00853852 /* FMDatabasePool.m */ = {isa = PBXFileReference; fileEncoding = 4; lastKnownFileType = sourcecode.c.objc; path = FMDatabasePool.m; sourceTree = "<group>"; };
		8D1A1B8D1EB2E6ED00853852 /* FMDatabaseQueue.h */ = {isa = PBXFileReference; fileEncoding = 4; lastKnownFileType = sourcecode.c.h; path = FMDatabaseQueue.h; sourceTree = "<group>"; };
		8D1A1B8E1EB2E6ED00853852 /* FMDatabaseQueue.m */ = {isa = PBXFileReference; fileEncoding = 4; lastKnownFileType = sourcecode.c.objc; path = FMDatabaseQueue.m; sourceTree = "<group>"; };
		8D1A1B8F1EB2E6ED00853852 /* FMDB.h */ = {isa = PBXFileReference; fileEncoding = 4; lastKnownFileType = sourcecode.c.h; path = FMDB.h; sourceTree = "<group>"; };
		8D1A1B901EB2E6ED00853852 /* FMResultSet.h */ = {isa = PBXFileReference; fileEncoding = 4; lastKnownFileType = sourcecode.c.h; path = FMResultSet.h; sourceTree = "<group>"; };
		8D1A1B911EB2E6ED00853852 /* FMResultSet.m */ = {isa = PBXFileReference; fileEncoding = 4; lastKnownFileType = sourcecode.c.objc; path = FMResultSet.m; sourceTree = "<group>"; };
		8D1A1B991EB2E77300853852 /* libsqlite3.tbd */ = {isa = PBXFileReference; lastKnownFileType = "sourcecode.text-based-dylib-definition"; name = libsqlite3.tbd; path = usr/lib/libsqlite3.tbd; sourceTree = SDKROOT; };
		8D66ECFF1EAA071000616746 /* Tan_Swift.app */ = {isa = PBXFileReference; explicitFileType = wrapper.application; includeInIndex = 0; path = Tan_Swift.app; sourceTree = BUILT_PRODUCTS_DIR; };
		8D66ED011EAA071000616746 /* AppDelegate.swift */ = {isa = PBXFileReference; lastKnownFileType = sourcecode.swift; path = AppDelegate.swift; sourceTree = "<group>"; };
		8D66ED031EAA071000616746 /* ViewController.swift */ = {isa = PBXFileReference; lastKnownFileType = sourcecode.swift; path = ViewController.swift; sourceTree = "<group>"; };
		8D66ED061EAA071000616746 /* Base */ = {isa = PBXFileReference; lastKnownFileType = file.storyboard; name = Base; path = Base.lproj/Main.storyboard; sourceTree = "<group>"; };
		8D66ED081EAA071000616746 /* Assets.xcassets */ = {isa = PBXFileReference; lastKnownFileType = folder.assetcatalog; path = Assets.xcassets; sourceTree = "<group>"; };
		8D66ED0B1EAA071000616746 /* Base */ = {isa = PBXFileReference; lastKnownFileType = file.storyboard; name = Base; path = Base.lproj/LaunchScreen.storyboard; sourceTree = "<group>"; };
		8D66ED0D1EAA071000616746 /* Info.plist */ = {isa = PBXFileReference; lastKnownFileType = text.plist.xml; path = Info.plist; sourceTree = "<group>"; };
		8D6AA4351ED3E78E0032FADC /* NSObject+YYModel.h */ = {isa = PBXFileReference; fileEncoding = 4; lastKnownFileType = sourcecode.c.h; path = "NSObject+YYModel.h"; sourceTree = "<group>"; };
		8D6AA4361ED3E78E0032FADC /* NSObject+YYModel.m */ = {isa = PBXFileReference; fileEncoding = 4; lastKnownFileType = sourcecode.c.objc; path = "NSObject+YYModel.m"; sourceTree = "<group>"; };
		8D6AA4371ED3E78E0032FADC /* YYClassInfo.h */ = {isa = PBXFileReference; fileEncoding = 4; lastKnownFileType = sourcecode.c.h; path = YYClassInfo.h; sourceTree = "<group>"; };
		8D6AA4381ED3E78E0032FADC /* YYClassInfo.m */ = {isa = PBXFileReference; fileEncoding = 4; lastKnownFileType = sourcecode.c.objc; path = YYClassInfo.m; sourceTree = "<group>"; };
		8D6AA4391ED3E78E0032FADC /* YYModel.h */ = {isa = PBXFileReference; fileEncoding = 4; lastKnownFileType = sourcecode.c.h; path = YYModel.h; sourceTree = "<group>"; };
		8D6AA43D1ED3E7C70032FADC /* TestYYModelVC.h */ = {isa = PBXFileReference; fileEncoding = 4; lastKnownFileType = sourcecode.c.h; path = TestYYModelVC.h; sourceTree = "<group>"; };
		8D6AA43E1ED3E7C70032FADC /* TestYYModelVC.m */ = {isa = PBXFileReference; fileEncoding = 4; lastKnownFileType = sourcecode.c.objc; path = TestYYModelVC.m; sourceTree = "<group>"; };
		8D7FCF2E1EB88560004F4AEC /* TestAudioVC.h */ = {isa = PBXFileReference; fileEncoding = 4; lastKnownFileType = sourcecode.c.h; path = TestAudioVC.h; sourceTree = "<group>"; };
		8D7FCF2F1EB88560004F4AEC /* TestAudioVC.m */ = {isa = PBXFileReference; fileEncoding = 4; lastKnownFileType = sourcecode.c.objc; path = TestAudioVC.m; sourceTree = "<group>"; };
		8D7FCF3A1EB8883F004F4AEC /* qishiwang.mp3 */ = {isa = PBXFileReference; lastKnownFileType = audio.mp3; path = qishiwang.mp3; sourceTree = "<group>"; };
		8D7FCF3B1EB8883F004F4AEC /* temp.wav */ = {isa = PBXFileReference; lastKnownFileType = audio.wav; path = temp.wav; sourceTree = "<group>"; };
		8D7FCF3C1EB8883F004F4AEC /* videoRing.caf */ = {isa = PBXFileReference; lastKnownFileType = file; path = videoRing.caf; sourceTree = "<group>"; };
		8D7FCF3D1EB8883F004F4AEC /* wxFile.pcm */ = {isa = PBXFileReference; lastKnownFileType = file; path = wxFile.pcm; sourceTree = "<group>"; };
		8DB118D81E9F456C009E67A8 /* Tan_TestIOS.app */ = {isa = PBXFileReference; explicitFileType = wrapper.application; includeInIndex = 0; path = Tan_TestIOS.app; sourceTree = BUILT_PRODUCTS_DIR; };
		8DB118DC1E9F456C009E67A8 /* main.m */ = {isa = PBXFileReference; lastKnownFileType = sourcecode.c.objc; path = main.m; sourceTree = "<group>"; };
		8DB118E51E9F456D009E67A8 /* Base */ = {isa = PBXFileReference; lastKnownFileType = file.storyboard; name = Base; path = Base.lproj/Main.storyboard; sourceTree = "<group>"; };
		8DB118E71E9F456D009E67A8 /* Assets.xcassets */ = {isa = PBXFileReference; lastKnownFileType = folder.assetcatalog; path = Assets.xcassets; sourceTree = "<group>"; };
		8DB118EA1E9F456D009E67A8 /* Base */ = {isa = PBXFileReference; lastKnownFileType = file.storyboard; name = Base; path = Base.lproj/LaunchScreen.storyboard; sourceTree = "<group>"; };
		8DB118EC1E9F456D009E67A8 /* Info.plist */ = {isa = PBXFileReference; lastKnownFileType = text.plist.xml; path = Info.plist; sourceTree = "<group>"; };
		8DBAFAC11EB071440009DEEC /* Tan_Notification.entitlements */ = {isa = PBXFileReference; lastKnownFileType = text.plist.entitlements; path = Tan_Notification.entitlements; sourceTree = "<group>"; };
		8DBAFACF1EB0A3E60009DEEC /* UserNotifications.framework */ = {isa = PBXFileReference; lastKnownFileType = wrapper.framework; name = UserNotifications.framework; path = System/Library/Frameworks/UserNotifications.framework; sourceTree = SDKROOT; };
		8DBAFAD11EB0A3E60009DEEC /* UserNotificationsUI.framework */ = {isa = PBXFileReference; lastKnownFileType = wrapper.framework; name = UserNotificationsUI.framework; path = System/Library/Frameworks/UserNotificationsUI.framework; sourceTree = SDKROOT; };
		8DD7A7CB1EB18F15008A3BDA /* comeon.jpg */ = {isa = PBXFileReference; lastKnownFileType = image.jpeg; path = comeon.jpg; sourceTree = "<group>"; };
		8DE8E1511EB0502E00DD5975 /* Tan_Notification.app */ = {isa = PBXFileReference; explicitFileType = wrapper.application; includeInIndex = 0; path = Tan_Notification.app; sourceTree = BUILT_PRODUCTS_DIR; };
		8DE8E1541EB0502E00DD5975 /* main.m */ = {isa = PBXFileReference; lastKnownFileType = sourcecode.c.objc; path = main.m; sourceTree = "<group>"; };
		8DE8E1561EB0502E00DD5975 /* AppDelegate.h */ = {isa = PBXFileReference; lastKnownFileType = sourcecode.c.h; path = AppDelegate.h; sourceTree = "<group>"; };
		8DE8E1571EB0502E00DD5975 /* AppDelegate.m */ = {isa = PBXFileReference; lastKnownFileType = sourcecode.c.objc; path = AppDelegate.m; sourceTree = "<group>"; };
		8DE8E1591EB0502E00DD5975 /* ViewController.h */ = {isa = PBXFileReference; lastKnownFileType = sourcecode.c.h; path = ViewController.h; sourceTree = "<group>"; };
		8DE8E15A1EB0502E00DD5975 /* ViewController.m */ = {isa = PBXFileReference; lastKnownFileType = sourcecode.c.objc; path = ViewController.m; sourceTree = "<group>"; };
		8DE8E15D1EB0502E00DD5975 /* Base */ = {isa = PBXFileReference; lastKnownFileType = file.storyboard; name = Base; path = Base.lproj/Main.storyboard; sourceTree = "<group>"; };
		8DE8E15F1EB0502E00DD5975 /* Assets.xcassets */ = {isa = PBXFileReference; lastKnownFileType = folder.assetcatalog; path = Assets.xcassets; sourceTree = "<group>"; };
		8DE8E1621EB0502E00DD5975 /* Base */ = {isa = PBXFileReference; lastKnownFileType = file.storyboard; name = Base; path = Base.lproj/LaunchScreen.storyboard; sourceTree = "<group>"; };
		8DE8E1641EB0502E00DD5975 /* Info.plist */ = {isa = PBXFileReference; lastKnownFileType = text.plist.xml; path = Info.plist; sourceTree = "<group>"; };
		EDDC27441EAF98C900B2B263 /* Tan_Block.app */ = {isa = PBXFileReference; explicitFileType = wrapper.application; includeInIndex = 0; path = Tan_Block.app; sourceTree = BUILT_PRODUCTS_DIR; };
		EDDC27471EAF98C900B2B263 /* main.m */ = {isa = PBXFileReference; lastKnownFileType = sourcecode.c.objc; path = main.m; sourceTree = "<group>"; };
		EDDC27491EAF98C900B2B263 /* AppDelegate.h */ = {isa = PBXFileReference; lastKnownFileType = sourcecode.c.h; path = AppDelegate.h; sourceTree = "<group>"; };
		EDDC274A1EAF98CA00B2B263 /* AppDelegate.m */ = {isa = PBXFileReference; lastKnownFileType = sourcecode.c.objc; path = AppDelegate.m; sourceTree = "<group>"; };
		EDDC274C1EAF98CA00B2B263 /* ViewController.h */ = {isa = PBXFileReference; lastKnownFileType = sourcecode.c.h; path = ViewController.h; sourceTree = "<group>"; };
		EDDC274D1EAF98CA00B2B263 /* ViewController.m */ = {isa = PBXFileReference; lastKnownFileType = sourcecode.c.objc; path = ViewController.m; sourceTree = "<group>"; };
		EDDC27501EAF98CA00B2B263 /* Base */ = {isa = PBXFileReference; lastKnownFileType = file.storyboard; name = Base; path = Base.lproj/Main.storyboard; sourceTree = "<group>"; };
		EDDC27521EAF98CA00B2B263 /* Assets.xcassets */ = {isa = PBXFileReference; lastKnownFileType = folder.assetcatalog; path = Assets.xcassets; sourceTree = "<group>"; };
		EDDC27551EAF98CA00B2B263 /* Base */ = {isa = PBXFileReference; lastKnownFileType = file.storyboard; name = Base; path = Base.lproj/LaunchScreen.storyboard; sourceTree = "<group>"; };
		EDDC27571EAF98CA00B2B263 /* Info.plist */ = {isa = PBXFileReference; lastKnownFileType = text.plist.xml; path = Info.plist; sourceTree = "<group>"; };
		EDDC275B1EAFA5D700B2B263 /* Person.h */ = {isa = PBXFileReference; fileEncoding = 4; lastKnownFileType = sourcecode.c.h; path = Person.h; sourceTree = "<group>"; };
		EDDC275C1EAFA5D700B2B263 /* Person.m */ = {isa = PBXFileReference; fileEncoding = 4; lastKnownFileType = sourcecode.c.objc; path = Person.m; sourceTree = "<group>"; };
/* End PBXFileReference section */

/* Begin PBXFrameworksBuildPhase section */
		8D66ECFC1EAA071000616746 /* Frameworks */ = {
			isa = PBXFrameworksBuildPhase;
			buildActionMask = 2147483647;
			files = (
			);
			runOnlyForDeploymentPostprocessing = 0;
		};
		8DB118D51E9F456C009E67A8 /* Frameworks */ = {
			isa = PBXFrameworksBuildPhase;
			buildActionMask = 2147483647;
			files = (
				8D1A1B9A1EB2E77300853852 /* libsqlite3.tbd in Frameworks */,
			);
			runOnlyForDeploymentPostprocessing = 0;
		};
		8DE8E14E1EB0502E00DD5975 /* Frameworks */ = {
			isa = PBXFrameworksBuildPhase;
			buildActionMask = 2147483647;
			files = (
			);
			runOnlyForDeploymentPostprocessing = 0;
		};
		EDDC27411EAF98C900B2B263 /* Frameworks */ = {
			isa = PBXFrameworksBuildPhase;
			buildActionMask = 2147483647;
			files = (
			);
			runOnlyForDeploymentPostprocessing = 0;
		};
/* End PBXFrameworksBuildPhase section */

/* Begin PBXGroup section */
		8D1A1B551EB2DEBD00853852 /* Class */ = {
			isa = PBXGroup;
			children = (
				8D6AA43C1ED3E7A80032FADC /* TestYYModel */,
				8D7FCF2D1EB88541004F4AEC /* Audio */,
				8D1A1B681EB2E68B00853852 /* Base */,
				8D1A1B581EB2DEBD00853852 /* RunLoop */,
				8D1A1B5B1EB2DEBD00853852 /* TestFMDB */,
			);
			path = Class;
			sourceTree = "<group>";
		};
		8D1A1B581EB2DEBD00853852 /* RunLoop */ = {
			isa = PBXGroup;
			children = (
				8D1A1B591EB2DEBD00853852 /* TestVC.h */,
				8D1A1B5A1EB2DEBD00853852 /* TestVC.m */,
			);
			path = RunLoop;
			sourceTree = "<group>";
		};
		8D1A1B5B1EB2DEBD00853852 /* TestFMDB */ = {
			isa = PBXGroup;
			children = (
				8D1A1B621EB2E30400853852 /* TestFMDBVC.h */,
				8D1A1B631EB2E30400853852 /* TestFMDBVC.m */,
			);
			path = TestFMDB;
			sourceTree = "<group>";
		};
		8D1A1B611EB2E22C00853852 /* Other */ = {
			isa = PBXGroup;
			children = (
				8DB118E41E9F456D009E67A8 /* Main.storyboard */,
				8DB118E71E9F456D009E67A8 /* Assets.xcassets */,
				8DB118E91E9F456D009E67A8 /* LaunchScreen.storyboard */,
				8DB118EC1E9F456D009E67A8 /* Info.plist */,
				8DB118DB1E9F456C009E67A8 /* Supporting Files */,
			);
			name = Other;
			sourceTree = "<group>";
		};
		8D1A1B681EB2E68B00853852 /* Base */ = {
			isa = PBXGroup;
			children = (
				8D1A1B691EB2E68B00853852 /* AppDelegate.h */,
				8D1A1B6A1EB2E68B00853852 /* AppDelegate.m */,
				8D1A1B6B1EB2E68B00853852 /* BaseVC.h */,
				8D1A1B6C1EB2E68B00853852 /* BaseVC.m */,
				8D1A1B6D1EB2E68B00853852 /* ViewController.h */,
				8D1A1B6E1EB2E68B00853852 /* ViewController.m */,
			);
			path = Base;
			sourceTree = "<group>";
		};
		8D1A1B721EB2E6A700853852 /* Lib */ = {
			isa = PBXGroup;
			children = (
				8D6AA4341ED3E78E0032FADC /* YYModel */,
				8D1A1B861EB2E6ED00853852 /* FMDB */,
			);
			path = Lib;
			sourceTree = "<group>";
		};
		8D1A1B861EB2E6ED00853852 /* FMDB */ = {
			isa = PBXGroup;
			children = (
				8D1A1B871EB2E6ED00853852 /* FMDatabase.h */,
				8D1A1B881EB2E6ED00853852 /* FMDatabase.m */,
				8D1A1B891EB2E6ED00853852 /* FMDatabaseAdditions.h */,
				8D1A1B8A1EB2E6ED00853852 /* FMDatabaseAdditions.m */,
				8D1A1B8B1EB2E6ED00853852 /* FMDatabasePool.h */,
				8D1A1B8C1EB2E6ED00853852 /* FMDatabasePool.m */,
				8D1A1B8D1EB2E6ED00853852 /* FMDatabaseQueue.h */,
				8D1A1B8E1EB2E6ED00853852 /* FMDatabaseQueue.m */,
				8D1A1B8F1EB2E6ED00853852 /* FMDB.h */,
				8D1A1B901EB2E6ED00853852 /* FMResultSet.h */,
				8D1A1B911EB2E6ED00853852 /* FMResultSet.m */,
			);
			path = FMDB;
			sourceTree = "<group>";
		};
		8D66ED001EAA071000616746 /* Tan_Swift */ = {
			isa = PBXGroup;
			children = (
				8D66ED011EAA071000616746 /* AppDelegate.swift */,
				8D66ED031EAA071000616746 /* ViewController.swift */,
				8D66ED051EAA071000616746 /* Main.storyboard */,
				8D66ED081EAA071000616746 /* Assets.xcassets */,
				8D66ED0A1EAA071000616746 /* LaunchScreen.storyboard */,
				8D66ED0D1EAA071000616746 /* Info.plist */,
			);
			path = Tan_Swift;
			sourceTree = "<group>";
		};
		8D6AA4341ED3E78E0032FADC /* YYModel */ = {
			isa = PBXGroup;
			children = (
				8D6AA4351ED3E78E0032FADC /* NSObject+YYModel.h */,
				8D6AA4361ED3E78E0032FADC /* NSObject+YYModel.m */,
				8D6AA4371ED3E78E0032FADC /* YYClassInfo.h */,
				8D6AA4381ED3E78E0032FADC /* YYClassInfo.m */,
				8D6AA4391ED3E78E0032FADC /* YYModel.h */,
			);
			path = YYModel;
			sourceTree = "<group>";
		};
		8D6AA43C1ED3E7A80032FADC /* TestYYModel */ = {
			isa = PBXGroup;
			children = (
				8D6AA43D1ED3E7C70032FADC /* TestYYModelVC.h */,
				8D6AA43E1ED3E7C70032FADC /* TestYYModelVC.m */,
			);
			path = TestYYModel;
			sourceTree = "<group>";
		};
		8D7FCF2D1EB88541004F4AEC /* Audio */ = {
			isa = PBXGroup;
			children = (
				8D7FCF2E1EB88560004F4AEC /* TestAudioVC.h */,
				8D7FCF2F1EB88560004F4AEC /* TestAudioVC.m */,
			);
			path = Audio;
			sourceTree = "<group>";
		};
		8D7FCF391EB8883F004F4AEC /* Resource */ = {
			isa = PBXGroup;
			children = (
				8D7FCF3A1EB8883F004F4AEC /* qishiwang.mp3 */,
				8D7FCF3B1EB8883F004F4AEC /* temp.wav */,
				8D7FCF3C1EB8883F004F4AEC /* videoRing.caf */,
				8D7FCF3D1EB8883F004F4AEC /* wxFile.pcm */,
			);
			path = Resource;
			sourceTree = "<group>";
		};
		8DB118CF1E9F456C009E67A8 = {
			isa = PBXGroup;
			children = (
				8DB118DA1E9F456C009E67A8 /* Tan_TestIOS */,
				8D66ED001EAA071000616746 /* Tan_Swift */,
				EDDC27451EAF98C900B2B263 /* Tan_Block */,
				8DE8E1521EB0502E00DD5975 /* Tan_Notification */,
				8DBAFACE1EB0A3E60009DEEC /* Frameworks */,
				8DB118D91E9F456C009E67A8 /* Products */,
			);
			sourceTree = "<group>";
		};
		8DB118D91E9F456C009E67A8 /* Products */ = {
			isa = PBXGroup;
			children = (
				8DB118D81E9F456C009E67A8 /* Tan_TestIOS.app */,
				8D66ECFF1EAA071000616746 /* Tan_Swift.app */,
				EDDC27441EAF98C900B2B263 /* Tan_Block.app */,
				8DE8E1511EB0502E00DD5975 /* Tan_Notification.app */,
			);
			name = Products;
			sourceTree = "<group>";
		};
		8DB118DA1E9F456C009E67A8 /* Tan_TestIOS */ = {
			isa = PBXGroup;
			children = (
				8D7FCF391EB8883F004F4AEC /* Resource */,
				8D1A1B721EB2E6A700853852 /* Lib */,
				8D1A1B611EB2E22C00853852 /* Other */,
				8D1A1B551EB2DEBD00853852 /* Class */,
			);
			path = Tan_TestIOS;
			sourceTree = "<group>";
		};
		8DB118DB1E9F456C009E67A8 /* Supporting Files */ = {
			isa = PBXGroup;
			children = (
				8DB118DC1E9F456C009E67A8 /* main.m */,
			);
			name = "Supporting Files";
			sourceTree = "<group>";
		};
		8DBAFACE1EB0A3E60009DEEC /* Frameworks */ = {
			isa = PBXGroup;
			children = (
				8D1A1B991EB2E77300853852 /* libsqlite3.tbd */,
				8DBAFACF1EB0A3E60009DEEC /* UserNotifications.framework */,
				8DBAFAD11EB0A3E60009DEEC /* UserNotificationsUI.framework */,
			);
			name = Frameworks;
			sourceTree = "<group>";
		};
		8DE8E1521EB0502E00DD5975 /* Tan_Notification */ = {
			isa = PBXGroup;
			children = (
				8DD7A7CB1EB18F15008A3BDA /* comeon.jpg */,
				8DBAFAC11EB071440009DEEC /* Tan_Notification.entitlements */,
				8DE8E1561EB0502E00DD5975 /* AppDelegate.h */,
				8DE8E1571EB0502E00DD5975 /* AppDelegate.m */,
				8DE8E1591EB0502E00DD5975 /* ViewController.h */,
				8DE8E15A1EB0502E00DD5975 /* ViewController.m */,
				8DE8E15C1EB0502E00DD5975 /* Main.storyboard */,
				8DE8E15F1EB0502E00DD5975 /* Assets.xcassets */,
				8DE8E1611EB0502E00DD5975 /* LaunchScreen.storyboard */,
				8DE8E1641EB0502E00DD5975 /* Info.plist */,
				8DE8E1531EB0502E00DD5975 /* Supporting Files */,
			);
			path = Tan_Notification;
			sourceTree = "<group>";
		};
		8DE8E1531EB0502E00DD5975 /* Supporting Files */ = {
			isa = PBXGroup;
			children = (
				8DE8E1541EB0502E00DD5975 /* main.m */,
			);
			name = "Supporting Files";
			sourceTree = "<group>";
		};
		EDDC27451EAF98C900B2B263 /* Tan_Block */ = {
			isa = PBXGroup;
			children = (
				EDDC27491EAF98C900B2B263 /* AppDelegate.h */,
				EDDC274A1EAF98CA00B2B263 /* AppDelegate.m */,
				EDDC274C1EAF98CA00B2B263 /* ViewController.h */,
				EDDC274D1EAF98CA00B2B263 /* ViewController.m */,
				EDDC274F1EAF98CA00B2B263 /* Main.storyboard */,
				EDDC27521EAF98CA00B2B263 /* Assets.xcassets */,
				EDDC27541EAF98CA00B2B263 /* LaunchScreen.storyboard */,
				EDDC27571EAF98CA00B2B263 /* Info.plist */,
				EDDC27461EAF98C900B2B263 /* Supporting Files */,
				EDDC275B1EAFA5D700B2B263 /* Person.h */,
				EDDC275C1EAFA5D700B2B263 /* Person.m */,
			);
			path = Tan_Block;
			sourceTree = "<group>";
		};
		EDDC27461EAF98C900B2B263 /* Supporting Files */ = {
			isa = PBXGroup;
			children = (
				EDDC27471EAF98C900B2B263 /* main.m */,
			);
			name = "Supporting Files";
			sourceTree = "<group>";
		};
/* End PBXGroup section */

/* Begin PBXNativeTarget section */
		8D66ECFE1EAA071000616746 /* Tan_Swift */ = {
			isa = PBXNativeTarget;
			buildConfigurationList = 8D66ED101EAA071000616746 /* Build configuration list for PBXNativeTarget "Tan_Swift" */;
			buildPhases = (
				8D66ECFB1EAA071000616746 /* Sources */,
				8D66ECFC1EAA071000616746 /* Frameworks */,
				8D66ECFD1EAA071000616746 /* Resources */,
			);
			buildRules = (
			);
			dependencies = (
			);
			name = Tan_Swift;
			productName = Tan_Swift;
			productReference = 8D66ECFF1EAA071000616746 /* Tan_Swift.app */;
			productType = "com.apple.product-type.application";
		};
		8DB118D71E9F456C009E67A8 /* Tan_TestIOS */ = {
			isa = PBXNativeTarget;
			buildConfigurationList = 8DB118EF1E9F456D009E67A8 /* Build configuration list for PBXNativeTarget "Tan_TestIOS" */;
			buildPhases = (
				8DB118D41E9F456C009E67A8 /* Sources */,
				8DB118D51E9F456C009E67A8 /* Frameworks */,
				8DB118D61E9F456C009E67A8 /* Resources */,
				8DBAFAE11EB0A3E60009DEEC /* Embed App Extensions */,
			);
			buildRules = (
			);
			dependencies = (
			);
			name = Tan_TestIOS;
			productName = Tan_TestIOS;
			productReference = 8DB118D81E9F456C009E67A8 /* Tan_TestIOS.app */;
			productType = "com.apple.product-type.application";
		};
		8DE8E1501EB0502E00DD5975 /* Tan_Notification */ = {
			isa = PBXNativeTarget;
			buildConfigurationList = 8DE8E1671EB0502E00DD5975 /* Build configuration list for PBXNativeTarget "Tan_Notification" */;
			buildPhases = (
				8DE8E14D1EB0502E00DD5975 /* Sources */,
				8DE8E14E1EB0502E00DD5975 /* Frameworks */,
				8DE8E14F1EB0502E00DD5975 /* Resources */,
			);
			buildRules = (
			);
			dependencies = (
			);
			name = Tan_Notification;
			productName = Tan_Notification;
			productReference = 8DE8E1511EB0502E00DD5975 /* Tan_Notification.app */;
			productType = "com.apple.product-type.application";
		};
		EDDC27431EAF98C900B2B263 /* Tan_Block */ = {
			isa = PBXNativeTarget;
			buildConfigurationList = EDDC275A1EAF98CA00B2B263 /* Build configuration list for PBXNativeTarget "Tan_Block" */;
			buildPhases = (
				EDDC27401EAF98C900B2B263 /* Sources */,
				EDDC27411EAF98C900B2B263 /* Frameworks */,
				EDDC27421EAF98C900B2B263 /* Resources */,
			);
			buildRules = (
			);
			dependencies = (
			);
			name = Tan_Block;
			productName = Tan_Block;
			productReference = EDDC27441EAF98C900B2B263 /* Tan_Block.app */;
			productType = "com.apple.product-type.application";
		};
/* End PBXNativeTarget section */

/* Begin PBXProject section */
		8DB118D01E9F456C009E67A8 /* Project object */ = {
			isa = PBXProject;
			attributes = {
				LastSwiftUpdateCheck = 0830;
				LastUpgradeCheck = 0820;
				ORGANIZATIONNAME = "M C";
				TargetAttributes = {
					8D66ECFE1EAA071000616746 = {
						CreatedOnToolsVersion = 8.3.2;
						ProvisioningStyle = Automatic;
					};
					8DB118D71E9F456C009E67A8 = {
						CreatedOnToolsVersion = 8.2.1;
						DevelopmentTeam = 38ZB8SW96P;
						ProvisioningStyle = Manual;
					};
					8DE8E1501EB0502E00DD5975 = {
						CreatedOnToolsVersion = 8.2.1;
						DevelopmentTeam = 38ZB8SW96P;
						ProvisioningStyle = Manual;
						SystemCapabilities = {
							com.apple.BackgroundModes = {
								enabled = 0;
							};
							com.apple.Push = {
								enabled = 0;
							};
						};
					};
					EDDC27431EAF98C900B2B263 = {
						CreatedOnToolsVersion = 8.3;
						ProvisioningStyle = Automatic;
					};
				};
			};
			buildConfigurationList = 8DB118D31E9F456C009E67A8 /* Build configuration list for PBXProject "Tan_TestIOS" */;
			compatibilityVersion = "Xcode 3.2";
			developmentRegion = English;
			hasScannedForEncodings = 0;
			knownRegions = (
				en,
				Base,
			);
			mainGroup = 8DB118CF1E9F456C009E67A8;
			productRefGroup = 8DB118D91E9F456C009E67A8 /* Products */;
			projectDirPath = "";
			projectRoot = "";
			targets = (
				8DB118D71E9F456C009E67A8 /* Tan_TestIOS */,
				8D66ECFE1EAA071000616746 /* Tan_Swift */,
				EDDC27431EAF98C900B2B263 /* Tan_Block */,
				8DE8E1501EB0502E00DD5975 /* Tan_Notification */,
			);
		};
/* End PBXProject section */

/* Begin PBXResourcesBuildPhase section */
		8D66ECFD1EAA071000616746 /* Resources */ = {
			isa = PBXResourcesBuildPhase;
			buildActionMask = 2147483647;
			files = (
				8D66ED0C1EAA071000616746 /* LaunchScreen.storyboard in Resources */,
				8D66ED091EAA071000616746 /* Assets.xcassets in Resources */,
				8D66ED071EAA071000616746 /* Main.storyboard in Resources */,
			);
			runOnlyForDeploymentPostprocessing = 0;
		};
		8DB118D61E9F456C009E67A8 /* Resources */ = {
			isa = PBXResourcesBuildPhase;
			buildActionMask = 2147483647;
			files = (
				8D7FCF401EB8883F004F4AEC /* videoRing.caf in Resources */,
				8D7FCF3F1EB8883F004F4AEC /* temp.wav in Resources */,
				8DB118EB1E9F456D009E67A8 /* LaunchScreen.storyboard in Resources */,
				8DB118E81E9F456D009E67A8 /* Assets.xcassets in Resources */,
				8D7FCF3E1EB8883F004F4AEC /* qishiwang.mp3 in Resources */,
				8D7FCF411EB8883F004F4AEC /* wxFile.pcm in Resources */,
				8DB118E61E9F456D009E67A8 /* Main.storyboard in Resources */,
			);
			runOnlyForDeploymentPostprocessing = 0;
		};
		8DE8E14F1EB0502E00DD5975 /* Resources */ = {
			isa = PBXResourcesBuildPhase;
			buildActionMask = 2147483647;
			files = (
				8DE8E1631EB0502E00DD5975 /* LaunchScreen.storyboard in Resources */,
				8DE8E1601EB0502E00DD5975 /* Assets.xcassets in Resources */,
				8DD7A7CC1EB18F15008A3BDA /* comeon.jpg in Resources */,
				8DE8E15E1EB0502E00DD5975 /* Main.storyboard in Resources */,
			);
			runOnlyForDeploymentPostprocessing = 0;
		};
		EDDC27421EAF98C900B2B263 /* Resources */ = {
			isa = PBXResourcesBuildPhase;
			buildActionMask = 2147483647;
			files = (
				EDDC27561EAF98CA00B2B263 /* LaunchScreen.storyboard in Resources */,
				EDDC27531EAF98CA00B2B263 /* Assets.xcassets in Resources */,
				EDDC27511EAF98CA00B2B263 /* Main.storyboard in Resources */,
			);
			runOnlyForDeploymentPostprocessing = 0;
		};
/* End PBXResourcesBuildPhase section */

/* Begin PBXSourcesBuildPhase section */
		8D66ECFB1EAA071000616746 /* Sources */ = {
			isa = PBXSourcesBuildPhase;
			buildActionMask = 2147483647;
			files = (
				8D66ED041EAA071000616746 /* ViewController.swift in Sources */,
				8D66ED021EAA071000616746 /* AppDelegate.swift in Sources */,
			);
			runOnlyForDeploymentPostprocessing = 0;
		};
		8DB118D41E9F456C009E67A8 /* Sources */ = {
			isa = PBXSourcesBuildPhase;
			buildActionMask = 2147483647;
			files = (
				8D6AA43A1ED3E78E0032FADC /* NSObject+YYModel.m in Sources */,
				8D1A1B711EB2E68B00853852 /* ViewController.m in Sources */,
				8D1A1B5F1EB2DEBD00853852 /* TestVC.m in Sources */,
				8DB118DD1E9F456C009E67A8 /* main.m in Sources */,
				8D1A1B931EB2E6ED00853852 /* FMDatabase.m in Sources */,
				8D1A1B951EB2E6ED00853852 /* FMDatabasePool.m in Sources */,
				8D6AA43B1ED3E78E0032FADC /* YYClassInfo.m in Sources */,
				8D1A1B961EB2E6ED00853852 /* FMDatabaseQueue.m in Sources */,
				8D6AA43F1ED3E7C70032FADC /* TestYYModelVC.m in Sources */,
				8D1A1B641EB2E30400853852 /* TestFMDBVC.m in Sources */,
				8D1A1B6F1EB2E68B00853852 /* AppDelegate.m in Sources */,
				8D1A1B971EB2E6ED00853852 /* FMResultSet.m in Sources */,
				8D1A1B701EB2E68B00853852 /* BaseVC.m in Sources */,
				8D1A1B941EB2E6ED00853852 /* FMDatabaseAdditions.m in Sources */,
				8D7FCF301EB88560004F4AEC /* TestAudioVC.m in Sources */,
			);
			runOnlyForDeploymentPostprocessing = 0;
		};
		8DE8E14D1EB0502E00DD5975 /* Sources */ = {
			isa = PBXSourcesBuildPhase;
			buildActionMask = 2147483647;
			files = (
				8DE8E15B1EB0502E00DD5975 /* ViewController.m in Sources */,
				8DE8E1581EB0502E00DD5975 /* AppDelegate.m in Sources */,
				8DE8E1551EB0502E00DD5975 /* main.m in Sources */,
			);
			runOnlyForDeploymentPostprocessing = 0;
		};
		EDDC27401EAF98C900B2B263 /* Sources */ = {
			isa = PBXSourcesBuildPhase;
			buildActionMask = 2147483647;
			files = (
				EDDC274E1EAF98CA00B2B263 /* ViewController.m in Sources */,
				EDDC274B1EAF98CA00B2B263 /* AppDelegate.m in Sources */,
				EDDC275D1EAFA5D700B2B263 /* Person.m in Sources */,
				EDDC27481EAF98C900B2B263 /* main.m in Sources */,
			);
			runOnlyForDeploymentPostprocessing = 0;
		};
/* End PBXSourcesBuildPhase section */

/* Begin PBXVariantGroup section */
		8D66ED051EAA071000616746 /* Main.storyboard */ = {
			isa = PBXVariantGroup;
			children = (
				8D66ED061EAA071000616746 /* Base */,
			);
			name = Main.storyboard;
			sourceTree = "<group>";
		};
		8D66ED0A1EAA071000616746 /* LaunchScreen.storyboard */ = {
			isa = PBXVariantGroup;
			children = (
				8D66ED0B1EAA071000616746 /* Base */,
			);
			name = LaunchScreen.storyboard;
			sourceTree = "<group>";
		};
		8DB118E41E9F456D009E67A8 /* Main.storyboard */ = {
			isa = PBXVariantGroup;
			children = (
				8DB118E51E9F456D009E67A8 /* Base */,
			);
			name = Main.storyboard;
			sourceTree = "<group>";
		};
		8DB118E91E9F456D009E67A8 /* LaunchScreen.storyboard */ = {
			isa = PBXVariantGroup;
			children = (
				8DB118EA1E9F456D009E67A8 /* Base */,
			);
			name = LaunchScreen.storyboard;
			sourceTree = "<group>";
		};
		8DE8E15C1EB0502E00DD5975 /* Main.storyboard */ = {
			isa = PBXVariantGroup;
			children = (
				8DE8E15D1EB0502E00DD5975 /* Base */,
			);
			name = Main.storyboard;
			sourceTree = "<group>";
		};
		8DE8E1611EB0502E00DD5975 /* LaunchScreen.storyboard */ = {
			isa = PBXVariantGroup;
			children = (
				8DE8E1621EB0502E00DD5975 /* Base */,
			);
			name = LaunchScreen.storyboard;
			sourceTree = "<group>";
		};
		EDDC274F1EAF98CA00B2B263 /* Main.storyboard */ = {
			isa = PBXVariantGroup;
			children = (
				EDDC27501EAF98CA00B2B263 /* Base */,
			);
			name = Main.storyboard;
			sourceTree = "<group>";
		};
		EDDC27541EAF98CA00B2B263 /* LaunchScreen.storyboard */ = {
			isa = PBXVariantGroup;
			children = (
				EDDC27551EAF98CA00B2B263 /* Base */,
			);
			name = LaunchScreen.storyboard;
			sourceTree = "<group>";
		};
/* End PBXVariantGroup section */

/* Begin XCBuildConfiguration section */
		8D66ED0E1EAA071000616746 /* Debug */ = {
			isa = XCBuildConfiguration;
			buildSettings = {
				ASSETCATALOG_COMPILER_APPICON_NAME = AppIcon;
				CLANG_ANALYZER_NUMBER_OBJECT_CONVERSION = YES_AGGRESSIVE;
				INFOPLIST_FILE = Tan_Swift/Info.plist;
				IPHONEOS_DEPLOYMENT_TARGET = 10.3;
				LD_RUNPATH_SEARCH_PATHS = "$(inherited) @executable_path/Frameworks";
				PRODUCT_BUNDLE_IDENTIFIER = "com.yam.Tan-Swift";
				PRODUCT_NAME = "$(TARGET_NAME)";
				SWIFT_ACTIVE_COMPILATION_CONDITIONS = DEBUG;
				SWIFT_OPTIMIZATION_LEVEL = "-Onone";
				SWIFT_VERSION = 3.0;
			};
			name = Debug;
		};
		8D66ED0F1EAA071000616746 /* Release */ = {
			isa = XCBuildConfiguration;
			buildSettings = {
				ASSETCATALOG_COMPILER_APPICON_NAME = AppIcon;
				CLANG_ANALYZER_NUMBER_OBJECT_CONVERSION = YES_AGGRESSIVE;
				INFOPLIST_FILE = Tan_Swift/Info.plist;
				IPHONEOS_DEPLOYMENT_TARGET = 10.3;
				LD_RUNPATH_SEARCH_PATHS = "$(inherited) @executable_path/Frameworks";
				PRODUCT_BUNDLE_IDENTIFIER = "com.yam.Tan-Swift";
				PRODUCT_NAME = "$(TARGET_NAME)";
				SWIFT_OPTIMIZATION_LEVEL = "-Owholemodule";
				SWIFT_VERSION = 3.0;
			};
			name = Release;
		};
		8DB118ED1E9F456D009E67A8 /* Debug */ = {
			isa = XCBuildConfiguration;
			buildSettings = {
				ALWAYS_SEARCH_USER_PATHS = NO;
				CLANG_ANALYZER_NONNULL = YES;
				CLANG_CXX_LANGUAGE_STANDARD = "gnu++0x";
				CLANG_CXX_LIBRARY = "libc++";
				CLANG_ENABLE_MODULES = YES;
				CLANG_ENABLE_OBJC_ARC = YES;
				CLANG_WARN_BOOL_CONVERSION = YES;
				CLANG_WARN_CONSTANT_CONVERSION = YES;
				CLANG_WARN_DIRECT_OBJC_ISA_USAGE = YES_ERROR;
				CLANG_WARN_DOCUMENTATION_COMMENTS = YES;
				CLANG_WARN_EMPTY_BODY = YES;
				CLANG_WARN_ENUM_CONVERSION = YES;
				CLANG_WARN_INFINITE_RECURSION = YES;
				CLANG_WARN_INT_CONVERSION = YES;
				CLANG_WARN_OBJC_ROOT_CLASS = YES_ERROR;
				CLANG_WARN_SUSPICIOUS_MOVE = YES;
				CLANG_WARN_UNREACHABLE_CODE = YES;
				CLANG_WARN__DUPLICATE_METHOD_MATCH = YES;
				"CODE_SIGN_IDENTITY[sdk=iphoneos*]" = "iPhone Developer";
				COPY_PHASE_STRIP = NO;
				DEBUG_INFORMATION_FORMAT = dwarf;
				ENABLE_STRICT_OBJC_MSGSEND = YES;
				ENABLE_TESTABILITY = YES;
				GCC_C_LANGUAGE_STANDARD = gnu99;
				GCC_DYNAMIC_NO_PIC = NO;
				GCC_NO_COMMON_BLOCKS = YES;
				GCC_OPTIMIZATION_LEVEL = 0;
				GCC_PREPROCESSOR_DEFINITIONS = (
					"DEBUG=1",
					"$(inherited)",
				);
				GCC_WARN_64_TO_32_BIT_CONVERSION = YES;
				GCC_WARN_ABOUT_RETURN_TYPE = YES_ERROR;
				GCC_WARN_UNDECLARED_SELECTOR = YES;
				GCC_WARN_UNINITIALIZED_AUTOS = YES_AGGRESSIVE;
				GCC_WARN_UNUSED_FUNCTION = YES;
				GCC_WARN_UNUSED_VARIABLE = YES;
				IPHONEOS_DEPLOYMENT_TARGET = 10.2;
				MTL_ENABLE_DEBUG_INFO = YES;
				ONLY_ACTIVE_ARCH = YES;
				SDKROOT = iphoneos;
				TARGETED_DEVICE_FAMILY = "1,2";
			};
			name = Debug;
		};
		8DB118EE1E9F456D009E67A8 /* Release */ = {
			isa = XCBuildConfiguration;
			buildSettings = {
				ALWAYS_SEARCH_USER_PATHS = NO;
				CLANG_ANALYZER_NONNULL = YES;
				CLANG_CXX_LANGUAGE_STANDARD = "gnu++0x";
				CLANG_CXX_LIBRARY = "libc++";
				CLANG_ENABLE_MODULES = YES;
				CLANG_ENABLE_OBJC_ARC = YES;
				CLANG_WARN_BOOL_CONVERSION = YES;
				CLANG_WARN_CONSTANT_CONVERSION = YES;
				CLANG_WARN_DIRECT_OBJC_ISA_USAGE = YES_ERROR;
				CLANG_WARN_DOCUMENTATION_COMMENTS = YES;
				CLANG_WARN_EMPTY_BODY = YES;
				CLANG_WARN_ENUM_CONVERSION = YES;
				CLANG_WARN_INFINITE_RECURSION = YES;
				CLANG_WARN_INT_CONVERSION = YES;
				CLANG_WARN_OBJC_ROOT_CLASS = YES_ERROR;
				CLANG_WARN_SUSPICIOUS_MOVE = YES;
				CLANG_WARN_UNREACHABLE_CODE = YES;
				CLANG_WARN__DUPLICATE_METHOD_MATCH = YES;
				"CODE_SIGN_IDENTITY[sdk=iphoneos*]" = "iPhone Developer";
				COPY_PHASE_STRIP = NO;
				DEBUG_INFORMATION_FORMAT = "dwarf-with-dsym";
				ENABLE_NS_ASSERTIONS = NO;
				ENABLE_STRICT_OBJC_MSGSEND = YES;
				GCC_C_LANGUAGE_STANDARD = gnu99;
				GCC_NO_COMMON_BLOCKS = YES;
				GCC_WARN_64_TO_32_BIT_CONVERSION = YES;
				GCC_WARN_ABOUT_RETURN_TYPE = YES_ERROR;
				GCC_WARN_UNDECLARED_SELECTOR = YES;
				GCC_WARN_UNINITIALIZED_AUTOS = YES_AGGRESSIVE;
				GCC_WARN_UNUSED_FUNCTION = YES;
				GCC_WARN_UNUSED_VARIABLE = YES;
				IPHONEOS_DEPLOYMENT_TARGET = 10.2;
				MTL_ENABLE_DEBUG_INFO = NO;
				SDKROOT = iphoneos;
				TARGETED_DEVICE_FAMILY = "1,2";
				VALIDATE_PRODUCT = YES;
			};
			name = Release;
		};
		8DB118F01E9F456D009E67A8 /* Debug */ = {
			isa = XCBuildConfiguration;
			buildSettings = {
				ASSETCATALOG_COMPILER_APPICON_NAME = AppIcon;
				CODE_SIGN_IDENTITY = "iPhone Developer: you me (C9EZJ36TTC)";
				"CODE_SIGN_IDENTITY[sdk=iphoneos*]" = "iPhone Developer: you me (C9EZJ36TTC)";
				DEVELOPMENT_TEAM = 38ZB8SW96P;
				INFOPLIST_FILE = Tan_TestIOS/Info.plist;
				LD_RUNPATH_SEARCH_PATHS = "$(inherited) @executable_path/Frameworks";
				PRODUCT_BUNDLE_IDENTIFIER = "com.yam.Tan-TestIOS";
				PRODUCT_NAME = "$(TARGET_NAME)";
				PROVISIONING_PROFILE = "868a0681-71b0-415d-b1ca-e332ad342c43";
				PROVISIONING_PROFILE_SPECIFIER = Developer_All_Device;
			};
			name = Debug;
		};
		8DB118F11E9F456D009E67A8 /* Release */ = {
			isa = XCBuildConfiguration;
			buildSettings = {
				ASSETCATALOG_COMPILER_APPICON_NAME = AppIcon;
				DEVELOPMENT_TEAM = "";
				INFOPLIST_FILE = Tan_TestIOS/Info.plist;
				LD_RUNPATH_SEARCH_PATHS = "$(inherited) @executable_path/Frameworks";
				PRODUCT_BUNDLE_IDENTIFIER = "com.yam.Tan-TestIOS";
				PRODUCT_NAME = "$(TARGET_NAME)";
			};
			name = Release;
		};
		8DE8E1651EB0502E00DD5975 /* Debug */ = {
			isa = XCBuildConfiguration;
			buildSettings = {
				ASSETCATALOG_COMPILER_APPICON_NAME = AppIcon;
				CODE_SIGN_IDENTITY = "iPhone Developer: you me (C9EZJ36TTC)";
				DEVELOPMENT_TEAM = 38ZB8SW96P;
				INFOPLIST_FILE = Tan_Notification/Info.plist;
				IPHONEOS_DEPLOYMENT_TARGET = 8.0;
				LD_RUNPATH_SEARCH_PATHS = "$(inherited) @executable_path/Frameworks";
				PRODUCT_BUNDLE_IDENTIFIER = "com.yam.Tan-Notification";
				PRODUCT_NAME = "$(TARGET_NAME)";
				PROVISIONING_PROFILE = "868a0681-71b0-415d-b1ca-e332ad342c43";
				PROVISIONING_PROFILE_SPECIFIER = Developer_All_Device;
			};
			name = Debug;
		};
		8DE8E1661EB0502E00DD5975 /* Release */ = {
			isa = XCBuildConfiguration;
			buildSettings = {
				ASSETCATALOG_COMPILER_APPICON_NAME = AppIcon;
				DEVELOPMENT_TEAM = 38ZB8SW96P;
				INFOPLIST_FILE = Tan_Notification/Info.plist;
				IPHONEOS_DEPLOYMENT_TARGET = 8.0;
				LD_RUNPATH_SEARCH_PATHS = "$(inherited) @executable_path/Frameworks";
				PRODUCT_BUNDLE_IDENTIFIER = "com.yam.Tan-Notification";
				PRODUCT_NAME = "$(TARGET_NAME)";
				PROVISIONING_PROFILE = "868a0681-71b0-415d-b1ca-e332ad342c43";
				PROVISIONING_PROFILE_SPECIFIER = Developer_All_Device;
			};
			name = Release;
		};
		EDDC27581EAF98CA00B2B263 /* Debug */ = {
			isa = XCBuildConfiguration;
			buildSettings = {
				ASSETCATALOG_COMPILER_APPICON_NAME = AppIcon;
				CLANG_ANALYZER_NUMBER_OBJECT_CONVERSION = YES_AGGRESSIVE;
				INFOPLIST_FILE = Tan_Block/Info.plist;
				IPHONEOS_DEPLOYMENT_TARGET = 10.3;
				LD_RUNPATH_SEARCH_PATHS = "$(inherited) @executable_path/Frameworks";
				PRODUCT_BUNDLE_IDENTIFIER = "com.xindongai.Tan-Block";
				PRODUCT_NAME = "$(TARGET_NAME)";
			};
			name = Debug;
		};
		EDDC27591EAF98CA00B2B263 /* Release */ = {
			isa = XCBuildConfiguration;
			buildSettings = {
				ASSETCATALOG_COMPILER_APPICON_NAME = AppIcon;
				CLANG_ANALYZER_NUMBER_OBJECT_CONVERSION = YES_AGGRESSIVE;
				INFOPLIST_FILE = Tan_Block/Info.plist;
				IPHONEOS_DEPLOYMENT_TARGET = 10.3;
				LD_RUNPATH_SEARCH_PATHS = "$(inherited) @executable_path/Frameworks";
				PRODUCT_BUNDLE_IDENTIFIER = "com.xindongai.Tan-Block";
				PRODUCT_NAME = "$(TARGET_NAME)";
			};
			name = Release;
		};
/* End XCBuildConfiguration section */

/* Begin XCConfigurationList section */
		8D66ED101EAA071000616746 /* Build configuration list for PBXNativeTarget "Tan_Swift" */ = {
			isa = XCConfigurationList;
			buildConfigurations = (
				8D66ED0E1EAA071000616746 /* Debug */,
				8D66ED0F1EAA071000616746 /* Release */,
			);
			defaultConfigurationIsVisible = 0;
			defaultConfigurationName = Release;
		};
		8DB118D31E9F456C009E67A8 /* Build configuration list for PBXProject "Tan_TestIOS" */ = {
			isa = XCConfigurationList;
			buildConfigurations = (
				8DB118ED1E9F456D009E67A8 /* Debug */,
				8DB118EE1E9F456D009E67A8 /* Release */,
			);
			defaultConfigurationIsVisible = 0;
			defaultConfigurationName = Release;
		};
		8DB118EF1E9F456D009E67A8 /* Build configuration list for PBXNativeTarget "Tan_TestIOS" */ = {
			isa = XCConfigurationList;
			buildConfigurations = (
				8DB118F01E9F456D009E67A8 /* Debug */,
				8DB118F11E9F456D009E67A8 /* Release */,
			);
			defaultConfigurationIsVisible = 0;
			defaultConfigurationName = Release;
		};
		8DE8E1671EB0502E00DD5975 /* Build configuration list for PBXNativeTarget "Tan_Notification" */ = {
			isa = XCConfigurationList;
			buildConfigurations = (
				8DE8E1651EB0502E00DD5975 /* Debug */,
				8DE8E1661EB0502E00DD5975 /* Release */,
			);
			defaultConfigurationIsVisible = 0;
			defaultConfigurationName = Release;
		};
		EDDC275A1EAF98CA00B2B263 /* Build configuration list for PBXNativeTarget "Tan_Block" */ = {
			isa = XCConfigurationList;
			buildConfigurations = (
				EDDC27581EAF98CA00B2B263 /* Debug */,
				EDDC27591EAF98CA00B2B263 /* Release */,
			);
			defaultConfigurationIsVisible = 0;
			defaultConfigurationName = Release;
		};
/* End XCConfigurationList section */
	};
	rootObject = 8DB118D01E9F456C009E67A8 /* Project object */;
}
