// !$*UTF8*$!
{
	archiveVersion = 1;
	classes = {
	};
	objectVersion = 46;
	objects = {

/* Begin PBXBuildFile section */
		8D5A4E2B1EA8DAB300F048E7 /* TestVC.m in Sources */ = {isa = PBXBuildFile; fileRef = 8D5A4E2A1EA8DAB300F048E7 /* TestVC.m */; };
		8D66ED021EAA071000616746 /* AppDelegate.swift in Sources */ = {isa = PBXBuildFile; fileRef = 8D66ED011EAA071000616746 /* AppDelegate.swift */; };
		8D66ED041EAA071000616746 /* ViewController.swift in Sources */ = {isa = PBXBuildFile; fileRef = 8D66ED031EAA071000616746 /* ViewController.swift */; };
		8D66ED071EAA071000616746 /* Main.storyboard in Resources */ = {isa = PBXBuildFile; fileRef = 8D66ED051EAA071000616746 /* Main.storyboard */; };
		8D66ED091EAA071000616746 /* Assets.xcassets in Resources */ = {isa = PBXBuildFile; fileRef = 8D66ED081EAA071000616746 /* Assets.xcassets */; };
		8D66ED0C1EAA071000616746 /* LaunchScreen.storyboard in Resources */ = {isa = PBXBuildFile; fileRef = 8D66ED0A1EAA071000616746 /* LaunchScreen.storyboard */; };
		8DB118DD1E9F456C009E67A8 /* main.m in Sources */ = {isa = PBXBuildFile; fileRef = 8DB118DC1E9F456C009E67A8 /* main.m */; };
		8DB118E01E9F456D009E67A8 /* AppDelegate.m in Sources */ = {isa = PBXBuildFile; fileRef = 8DB118DF1E9F456D009E67A8 /* AppDelegate.m */; };
		8DB118E31E9F456D009E67A8 /* ViewController.m in Sources */ = {isa = PBXBuildFile; fileRef = 8DB118E21E9F456D009E67A8 /* ViewController.m */; };
		8DB118E61E9F456D009E67A8 /* Main.storyboard in Resources */ = {isa = PBXBuildFile; fileRef = 8DB118E41E9F456D009E67A8 /* Main.storyboard */; };
		8DB118E81E9F456D009E67A8 /* Assets.xcassets in Resources */ = {isa = PBXBuildFile; fileRef = 8DB118E71E9F456D009E67A8 /* Assets.xcassets */; };
		8DB118EB1E9F456D009E67A8 /* LaunchScreen.storyboard in Resources */ = {isa = PBXBuildFile; fileRef = 8DB118E91E9F456D009E67A8 /* LaunchScreen.storyboard */; };
		8DD7A7CC1EB18F15008A3BDA /* comeon.jpg in Resources */ = {isa = PBXBuildFile; fileRef = 8DD7A7CB1EB18F15008A3BDA /* comeon.jpg */; };
		8DE8E1551EB0502E00DD5975 /* main.m in Sources */ = {isa = PBXBuildFile; fileRef = 8DE8E1541EB0502E00DD5975 /* main.m */; };
		8DE8E1581EB0502E00DD5975 /* AppDelegate.m in Sources */ = {isa = PBXBuildFile; fileRef = 8DE8E1571EB0502E00DD5975 /* AppDelegate.m */; };
		8DE8E15B1EB0502E00DD5975 /* ViewController.m in Sources */ = {isa = PBXBuildFile; fileRef = 8DE8E15A1EB0502E00DD5975 /* ViewController.m */; };
		8DE8E15E1EB0502E00DD5975 /* Main.storyboard in Resources */ = {isa = PBXBuildFile; fileRef = 8DE8E15C1EB0502E00DD5975 /* Main.storyboard */; };
		8DE8E1601EB0502E00DD5975 /* Assets.xcassets in Resources */ = {isa = PBXBuildFile; fileRef = 8DE8E15F1EB0502E00DD5975 /* Assets.xcassets */; };
		8DE8E1631EB0502E00DD5975 /* LaunchScreen.storyboard in Resources */ = {isa = PBXBuildFile; fileRef = 8DE8E1611EB0502E00DD5975 /* LaunchScreen.storyboard */; };
		EDDC27481EAF98C900B2B263 /* main.m in Sources */ = {isa = PBXBuildFile; fileRef = EDDC27471EAF98C900B2B263 /* main.m */; };
		EDDC274B1EAF98CA00B2B263 /* AppDelegate.m in Sources */ = {isa = PBXBuildFile; fileRef = EDDC274A1EAF98CA00B2B263 /* AppDelegate.m */; };
		EDDC274E1EAF98CA00B2B263 /* ViewController.m in Sources */ = {isa = PBXBuildFile; fileRef = EDDC274D1EAF98CA00B2B263 /* ViewController.m */; };
		EDDC27511EAF98CA00B2B263 /* Main.storyboard in Resources */ = {isa = PBXBuildFile; fileRef = EDDC274F1EAF98CA00B2B263 /* Main.storyboard */; };
		EDDC27531EAF98CA00B2B263 /* Assets.xcassets in Resources */ = {isa = PBXBuildFile; fileRef = EDDC27521EAF98CA00B2B263 /* Assets.xcassets */; };
		EDDC27561EAF98CA00B2B263 /* LaunchScreen.storyboard in Resources */ = {isa = PBXBuildFile; fileRef = EDDC27541EAF98CA00B2B263 /* LaunchScreen.storyboard */; };
		EDDC275D1EAFA5D700B2B263 /* Person.m in Sources */ = {isa = PBXBuildFile; fileRef = EDDC275C1EAFA5D700B2B263 /* Person.m */; };
/* End PBXBuildFile section */

/* Begin PBXCopyFilesBuildPhase section */
		8DBAFAE11EB0A3E60009DEEC /* Embed App Extensions */ = {
			isa = PBXCopyFilesBuildPhase;
			buildActionMask = 2147483647;
			dstPath = "";
			dstSubfolderSpec = 13;
			files = (
			);
			name = "Embed App Extensions";
			runOnlyForDeploymentPostprocessing = 0;
		};
/* End PBXCopyFilesBuildPhase section */

/* Begin PBXFileReference section */
		8D5A4E291EA8DAB300F048E7 /* TestVC.h */ = {isa = PBXFileReference; fileEncoding = 4; lastKnownFileType = sourcecode.c.h; path = TestVC.h; sourceTree = "<group>"; };
		8D5A4E2A1EA8DAB300F048E7 /* TestVC.m */ = {isa = PBXFileReference; fileEncoding = 4; lastKnownFileType = sourcecode.c.objc; path = TestVC.m; sourceTree = "<group>"; };
		8D66ECFF1EAA071000616746 /* Tan_Swift.app */ = {isa = PBXFileReference; explicitFileType = wrapper.application; includeInIndex = 0; path = Tan_Swift.app; sourceTree = BUILT_PRODUCTS_DIR; };
		8D66ED011EAA071000616746 /* AppDelegate.swift */ = {isa = PBXFileReference; lastKnownFileType = sourcecode.swift; path = AppDelegate.swift; sourceTree = "<group>"; };
		8D66ED031EAA071000616746 /* ViewController.swift */ = {isa = PBXFileReference; lastKnownFileType = sourcecode.swift; path = ViewController.swift; sourceTree = "<group>"; };
		8D66ED061EAA071000616746 /* Base */ = {isa = PBXFileReference; lastKnownFileType = file.storyboard; name = Base; path = Base.lproj/Main.storyboard; sourceTree = "<group>"; };
		8D66ED081EAA071000616746 /* Assets.xcassets */ = {isa = PBXFileReference; lastKnownFileType = folder.assetcatalog; path = Assets.xcassets; sourceTree = "<group>"; };
		8D66ED0B1EAA071000616746 /* Base */ = {isa = PBXFileReference; lastKnownFileType = file.storyboard; name = Base; path = Base.lproj/LaunchScreen.storyboard; sourceTree = "<group>"; };
		8D66ED0D1EAA071000616746 /* Info.plist */ = {isa = PBXFileReference; lastKnownFileType = text.plist.xml; path = Info.plist; sourceTree = "<group>"; };
		8DB118D81E9F456C009E67A8 /* Tan_TestIOS.app */ = {isa = PBXFileReference; explicitFileType = wrapper.application; includeInIndex = 0; path = Tan_TestIOS.app; sourceTree = BUILT_PRODUCTS_DIR; };
		8DB118DC1E9F456C009E67A8 /* main.m */ = {isa = PBXFileReference; lastKnownFileType = sourcecode.c.objc; path = main.m; sourceTree = "<group>"; };
		8DB118DE1E9F456D009E67A8 /* AppDelegate.h */ = {isa = PBXFileReference; lastKnownFileType = sourcecode.c.h; path = AppDelegate.h; sourceTree = "<group>"; };
		8DB118DF1E9F456D009E67A8 /* AppDelegate.m */ = {isa = PBXFileReference; lastKnownFileType = sourcecode.c.objc; path = AppDelegate.m; sourceTree = "<group>"; };
		8DB118E11E9F456D009E67A8 /* ViewController.h */ = {isa = PBXFileReference; lastKnownFileType = sourcecode.c.h; path = ViewController.h; sourceTree = "<group>"; };
		8DB118E21E9F456D009E67A8 /* ViewController.m */ = {isa = PBXFileReference; lastKnownFileType = sourcecode.c.objc; path = ViewController.m; sourceTree = "<group>"; };
		8DB118E51E9F456D009E67A8 /* Base */ = {isa = PBXFileReference; lastKnownFileType = file.storyboard; name = Base; path = Base.lproj/Main.storyboard; sourceTree = "<group>"; };
		8DB118E71E9F456D009E67A8 /* Assets.xcassets */ = {isa = PBXFileReference; lastKnownFileType = folder.assetcatalog; path = Assets.xcassets; sourceTree = "<group>"; };
		8DB118EA1E9F456D009E67A8 /* Base */ = {isa = PBXFileReference; lastKnownFileType = file.storyboard; name = Base; path = Base.lproj/LaunchScreen.storyboard; sourceTree = "<group>"; };
		8DB118EC1E9F456D009E67A8 /* Info.plist */ = {isa = PBXFileReference; lastKnownFileType = text.plist.xml; path = Info.plist; sourceTree = "<group>"; };
		8DBAFAC11EB071440009DEEC /* Tan_Notification.entitlements */ = {isa = PBXFileReference; lastKnownFileType = text.plist.entitlements; path = Tan_Notification.entitlements; sourceTree = "<group>"; };
		8DBAFACF1EB0A3E60009DEEC /* UserNotifications.framework */ = {isa = PBXFileReference; lastKnownFileType = wrapper.framework; name = UserNotifications.framework; path = System/Library/Frameworks/UserNotifications.framework; sourceTree = SDKROOT; };
		8DBAFAD11EB0A3E60009DEEC /* UserNotificationsUI.framework */ = {isa = PBXFileReference; lastKnownFileType = wrapper.framework; name = UserNotificationsUI.framework; path = System/Library/Frameworks/UserNotificationsUI.framework; sourceTree = SDKROOT; };
		8DD7A7CB1EB18F15008A3BDA /* comeon.jpg */ = {isa = PBXFileReference; lastKnownFileType = image.jpeg; path = comeon.jpg; sourceTree = "<group>"; };
		8DE8E1511EB0502E00DD5975 /* Tan_Notification.app */ = {isa = PBXFileReference; explicitFileType = wrapper.application; includeInIndex = 0; path = Tan_Notification.app; sourceTree = BUILT_PRODUCTS_DIR; };
		8DE8E1541EB0502E00DD5975 /* main.m */ = {isa = PBXFileReference; lastKnownFileType = sourcecode.c.objc; path = main.m; sourceTree = "<group>"; };
		8DE8E1561EB0502E00DD5975 /* AppDelegate.h */ = {isa = PBXFileReference; lastKnownFileType = sourcecode.c.h; path = AppDelegate.h; sourceTree = "<group>"; };
		8DE8E1571EB0502E00DD5975 /* AppDelegate.m */ = {isa = PBXFileReference; lastKnownFileType = sourcecode.c.objc; path = AppDelegate.m; sourceTree = "<group>"; };
		8DE8E1591EB0502E00DD5975 /* ViewController.h */ = {isa = PBXFileReference; lastKnownFileType = sourcecode.c.h; path = ViewController.h; sourceTree = "<group>"; };
		8DE8E15A1EB0502E00DD5975 /* ViewController.m */ = {isa = PBXFileReference; lastKnownFileType = sourcecode.c.objc; path = ViewController.m; sourceTree = "<group>"; };
		8DE8E15D1EB0502E00DD5975 /* Base */ = {isa = PBXFileReference; lastKnownFileType = file.storyboard; name = Base; path = Base.lproj/Main.storyboard; sourceTree = "<group>"; };
		8DE8E15F1EB0502E00DD5975 /* Assets.xcassets */ = {isa = PBXFileReference; lastKnownFileType = folder.assetcatalog; path = Assets.xcassets; sourceTree = "<group>"; };
		8DE8E1621EB0502E00DD5975 /* Base */ = {isa = PBXFileReference; lastKnownFileType = file.storyboard; name = Base; path = Base.lproj/LaunchScreen.storyboard; sourceTree = "<group>"; };
		8DE8E1641EB0502E00DD5975 /* Info.plist */ = {isa = PBXFileReference; lastKnownFileType = text.plist.xml; path = Info.plist; sourceTree = "<group>"; };
		EDDC27441EAF98C900B2B263 /* Tan_Block.app */ = {isa = PBXFileReference; explicitFileType = wrapper.application; includeInIndex = 0; path = Tan_Block.app; sourceTree = BUILT_PRODUCTS_DIR; };
		EDDC27471EAF98C900B2B263 /* main.m */ = {isa = PBXFileReference; lastKnownFileType = sourcecode.c.objc; path = main.m; sourceTree = "<group>"; };
		EDDC27491EAF98C900B2B263 /* AppDelegate.h */ = {isa = PBXFileReference; lastKnownFileType = sourcecode.c.h; path = AppDelegate.h; sourceTree = "<group>"; };
		EDDC274A1EAF98CA00B2B263 /* AppDelegate.m */ = {isa = PBXFileReference; lastKnownFileType = sourcecode.c.objc; path = AppDelegate.m; sourceTree = "<group>"; };
		EDDC274C1EAF98CA00B2B263 /* ViewController.h */ = {isa = PBXFileReference; lastKnownFileType = sourcecode.c.h; path = ViewController.h; sourceTree = "<group>"; };
		EDDC274D1EAF98CA00B2B263 /* ViewController.m */ = {isa = PBXFileReference; lastKnownFileType = sourcecode.c.objc; path = ViewController.m; sourceTree = "<group>"; };
		EDDC27501EAF98CA00B2B263 /* Base */ = {isa = PBXFileReference; lastKnownFileType = file.storyboard; name = Base; path = Base.lproj/Main.storyboard; sourceTree = "<group>"; };
		EDDC27521EAF98CA00B2B263 /* Assets.xcassets */ = {isa = PBXFileReference; lastKnownFileType = folder.assetcatalog; path = Assets.xcassets; sourceTree = "<group>"; };
		EDDC27551EAF98CA00B2B263 /* Base */ = {isa = PBXFileReference; lastKnownFileType = file.storyboard; name = Base; path = Base.lproj/LaunchScreen.storyboard; sourceTree = "<group>"; };
		EDDC27571EAF98CA00B2B263 /* Info.plist */ = {isa = PBXFileReference; lastKnownFileType = text.plist.xml; path = Info.plist; sourceTree = "<group>"; };
		EDDC275B1EAFA5D700B2B263 /* Person.h */ = {isa = PBXFileReference; fileEncoding = 4; lastKnownFileType = sourcecode.c.h; path = Person.h; sourceTree = "<group>"; };
		EDDC275C1EAFA5D700B2B263 /* Person.m */ = {isa = PBXFileReference; fileEncoding = 4; lastKnownFileType = sourcecode.c.objc; path = Person.m; sourceTree = "<group>"; };
/* End PBXFileReference section */

/* Begin PBXFrameworksBuildPhase section */
		8D66ECFC1EAA071000616746 /* Frameworks */ = {
			isa = PBXFrameworksBuildPhase;
			buildActionMask = 2147483647;
			files = (
			);
			runOnlyForDeploymentPostprocessing = 0;
		};
		8DB118D51E9F456C009E67A8 /* Frameworks */ = {
			isa = PBXFrameworksBuildPhase;
			buildActionMask = 2147483647;
			files = (
			);
			runOnlyForDeploymentPostprocessing = 0;
		};
		8DE8E14E1EB0502E00DD5975 /* Frameworks */ = {
			isa = PBXFrameworksBuildPhase;
			buildActionMask = 2147483647;
			files = (
			);
			runOnlyForDeploymentPostprocessing = 0;
		};
		EDDC27411EAF98C900B2B263 /* Frameworks */ = {
			isa = PBXFrameworksBuildPhase;
			buildActionMask = 2147483647;
			files = (
			);
			runOnlyForDeploymentPostprocessing = 0;
		};
/* End PBXFrameworksBuildPhase section */

/* Begin PBXGroup section */
		8D66ED001EAA071000616746 /* Tan_Swift */ = {
			isa = PBXGroup;
			children = (
				8D66ED011EAA071000616746 /* AppDelegate.swift */,
				8D66ED031EAA071000616746 /* ViewController.swift */,
				8D66ED051EAA071000616746 /* Main.storyboard */,
				8D66ED081EAA071000616746 /* Assets.xcassets */,
				8D66ED0A1EAA071000616746 /* LaunchScreen.storyboard */,
				8D66ED0D1EAA071000616746 /* Info.plist */,
			);
			path = Tan_Swift;
			sourceTree = "<group>";
		};
		8DB118CF1E9F456C009E67A8 = {
			isa = PBXGroup;
			children = (
				8DB118DA1E9F456C009E67A8 /* Tan_TestIOS */,
				8D66ED001EAA071000616746 /* Tan_Swift */,
				EDDC27451EAF98C900B2B263 /* Tan_Block */,
				8DE8E1521EB0502E00DD5975 /* Tan_Notification */,
				8DBAFACE1EB0A3E60009DEEC /* Frameworks */,
				8DB118D91E9F456C009E67A8 /* Products */,
			);
			sourceTree = "<group>";
		};
		8DB118D91E9F456C009E67A8 /* Products */ = {
			isa = PBXGroup;
			children = (
				8DB118D81E9F456C009E67A8 /* Tan_TestIOS.app */,
				8D66ECFF1EAA071000616746 /* Tan_Swift.app */,
				EDDC27441EAF98C900B2B263 /* Tan_Block.app */,
				8DE8E1511EB0502E00DD5975 /* Tan_Notification.app */,
			);
			name = Products;
			sourceTree = "<group>";
		};
		8DB118DA1E9F456C009E67A8 /* Tan_TestIOS */ = {
			isa = PBXGroup;
			children = (
				8DB118DE1E9F456D009E67A8 /* AppDelegate.h */,
				8DB118DF1E9F456D009E67A8 /* AppDelegate.m */,
				8DB118E11E9F456D009E67A8 /* ViewController.h */,
				8DB118E21E9F456D009E67A8 /* ViewController.m */,
				8DB118E41E9F456D009E67A8 /* Main.storyboard */,
				8DB118E71E9F456D009E67A8 /* Assets.xcassets */,
				8DB118E91E9F456D009E67A8 /* LaunchScreen.storyboard */,
				8DB118EC1E9F456D009E67A8 /* Info.plist */,
				8DB118DB1E9F456C009E67A8 /* Supporting Files */,
				8D5A4E291EA8DAB300F048E7 /* TestVC.h */,
				8D5A4E2A1EA8DAB300F048E7 /* TestVC.m */,
			);
			path = Tan_TestIOS;
			sourceTree = "<group>";
		};
		8DB118DB1E9F456C009E67A8 /* Supporting Files */ = {
			isa = PBXGroup;
			children = (
				8DB118DC1E9F456C009E67A8 /* main.m */,
			);
			name = "Supporting Files";
			sourceTree = "<group>";
		};
		8DBAFACE1EB0A3E60009DEEC /* Frameworks */ = {
			isa = PBXGroup;
			children = (
				8DBAFACF1EB0A3E60009DEEC /* UserNotifications.framework */,
				8DBAFAD11EB0A3E60009DEEC /* UserNotificationsUI.framework */,
			);
			name = Frameworks;
			sourceTree = "<group>";
		};
		8DE8E1521EB0502E00DD5975 /* Tan_Notification */ = {
			isa = PBXGroup;
			children = (
				8DD7A7CB1EB18F15008A3BDA /* comeon.jpg */,
				8DBAFAC11EB071440009DEEC /* Tan_Notification.entitlements */,
				8DE8E1561EB0502E00DD5975 /* AppDelegate.h */,
				8DE8E1571EB0502E00DD5975 /* AppDelegate.m */,
				8DE8E1591EB0502E00DD5975 /* ViewController.h */,
				8DE8E15A1EB0502E00DD5975 /* ViewController.m */,
				8DE8E15C1EB0502E00DD5975 /* Main.storyboard */,
				8DE8E15F1EB0502E00DD5975 /* Assets.xcassets */,
				8DE8E1611EB0502E00DD5975 /* LaunchScreen.storyboard */,
				8DE8E1641EB0502E00DD5975 /* Info.plist */,
				8DE8E1531EB0502E00DD5975 /* Supporting Files */,
			);
			path = Tan_Notification;
			sourceTree = "<group>";
		};
		8DE8E1531EB0502E00DD5975 /* Supporting Files */ = {
			isa = PBXGroup;
			children = (
				8DE8E1541EB0502E00DD5975 /* main.m */,
			);
			name = "Supporting Files";
			sourceTree = "<group>";
		};
		EDDC27451EAF98C900B2B263 /* Tan_Block */ = {
			isa = PBXGroup;
			children = (
				EDDC27491EAF98C900B2B263 /* AppDelegate.h */,
				EDDC274A1EAF98CA00B2B263 /* AppDelegate.m */,
				EDDC274C1EAF98CA00B2B263 /* ViewController.h */,
				EDDC274D1EAF98CA00B2B263 /* ViewController.m */,
				EDDC274F1EAF98CA00B2B263 /* Main.storyboard */,
				EDDC27521EAF98CA00B2B263 /* Assets.xcassets */,
				EDDC27541EAF98CA00B2B263 /* LaunchScreen.storyboard */,
				EDDC27571EAF98CA00B2B263 /* Info.plist */,
				EDDC27461EAF98C900B2B263 /* Supporting Files */,
				EDDC275B1EAFA5D700B2B263 /* Person.h */,
				EDDC275C1EAFA5D700B2B263 /* Person.m */,
			);
			path = Tan_Block;
			sourceTree = "<group>";
		};
		EDDC27461EAF98C900B2B263 /* Supporting Files */ = {
			isa = PBXGroup;
			children = (
				EDDC27471EAF98C900B2B263 /* main.m */,
			);
			name = "Supporting Files";
			sourceTree = "<group>";
		};
/* End PBXGroup section */

/* Begin PBXNativeTarget section */
		8D66ECFE1EAA071000616746 /* Tan_Swift */ = {
			isa = PBXNativeTarget;
			buildConfigurationList = 8D66ED101EAA071000616746 /* Build configuration list for PBXNativeTarget "Tan_Swift" */;
			buildPhases = (
				8D66ECFB1EAA071000616746 /* Sources */,
				8D66ECFC1EAA071000616746 /* Frameworks */,
				8D66ECFD1EAA071000616746 /* Resources */,
			);
			buildRules = (
			);
			dependencies = (
			);
			name = Tan_Swift;
			productName = Tan_Swift;
			productReference = 8D66ECFF1EAA071000616746 /* Tan_Swift.app */;
			productType = "com.apple.product-type.application";
		};
		8DB118D71E9F456C009E67A8 /* Tan_TestIOS */ = {
			isa = PBXNativeTarget;
			buildConfigurationList = 8DB118EF1E9F456D009E67A8 /* Build configuration list for PBXNativeTarget "Tan_TestIOS" */;
			buildPhases = (
				8DB118D41E9F456C009E67A8 /* Sources */,
				8DB118D51E9F456C009E67A8 /* Frameworks */,
				8DB118D61E9F456C009E67A8 /* Resources */,
				8DBAFAE11EB0A3E60009DEEC /* Embed App Extensions */,
			);
			buildRules = (
			);
			dependencies = (
			);
			name = Tan_TestIOS;
			productName = Tan_TestIOS;
			productReference = 8DB118D81E9F456C009E67A8 /* Tan_TestIOS.app */;
			productType = "com.apple.product-type.application";
		};
		8DE8E1501EB0502E00DD5975 /* Tan_Notification */ = {
			isa = PBXNativeTarget;
			buildConfigurationList = 8DE8E1671EB0502E00DD5975 /* Build configuration list for PBXNativeTarget "Tan_Notification" */;
			buildPhases = (
				8DE8E14D1EB0502E00DD5975 /* Sources */,
				8DE8E14E1EB0502E00DD5975 /* Frameworks */,
				8DE8E14F1EB0502E00DD5975 /* Resources */,
			);
			buildRules = (
			);
			dependencies = (
			);
			name = Tan_Notification;
			productName = Tan_Notification;
			productReference = 8DE8E1511EB0502E00DD5975 /* Tan_Notification.app */;
			productType = "com.apple.product-type.application";
		};
		EDDC27431EAF98C900B2B263 /* Tan_Block */ = {
			isa = PBXNativeTarget;
			buildConfigurationList = EDDC275A1EAF98CA00B2B263 /* Build configuration list for PBXNativeTarget "Tan_Block" */;
			buildPhases = (
				EDDC27401EAF98C900B2B263 /* Sources */,
				EDDC27411EAF98C900B2B263 /* Frameworks */,
				EDDC27421EAF98C900B2B263 /* Resources */,
			);
			buildRules = (
			);
			dependencies = (
			);
			name = Tan_Block;
			productName = Tan_Block;
			productReference = EDDC27441EAF98C900B2B263 /* Tan_Block.app */;
			productType = "com.apple.product-type.application";
		};
/* End PBXNativeTarget section */

/* Begin PBXProject section */
		8DB118D01E9F456C009E67A8 /* Project object */ = {
			isa = PBXProject;
			attributes = {
				LastSwiftUpdateCheck = 0830;
				LastUpgradeCheck = 0820;
				ORGANIZATIONNAME = "M C";
				TargetAttributes = {
					8D66ECFE1EAA071000616746 = {
						CreatedOnToolsVersion = 8.3.2;
						ProvisioningStyle = Automatic;
					};
					8DB118D71E9F456C009E67A8 = {
						CreatedOnToolsVersion = 8.2.1;
						DevelopmentTeam = 38ZB8SW96P;
						ProvisioningStyle = Manual;
					};
					8DE8E1501EB0502E00DD5975 = {
						CreatedOnToolsVersion = 8.2.1;
						DevelopmentTeam = 38ZB8SW96P;
						ProvisioningStyle = Manual;
						SystemCapabilities = {
							com.apple.BackgroundModes = {
								enabled = 0;
							};
							com.apple.Push = {
								enabled = 0;
							};
						};
					};
					EDDC27431EAF98C900B2B263 = {
						CreatedOnToolsVersion = 8.3;
						ProvisioningStyle = Automatic;
					};
				};
			};
			buildConfigurationList = 8DB118D31E9F456C009E67A8 /* Build configuration list for PBXProject "Tan_TestIOS" */;
			compatibilityVersion = "Xcode 3.2";
			developmentRegion = English;
			hasScannedForEncodings = 0;
			knownRegions = (
				en,
				Base,
			);
			mainGroup = 8DB118CF1E9F456C009E67A8;
			productRefGroup = 8DB118D91E9F456C009E67A8 /* Products */;
			projectDirPath = "";
			projectRoot = "";
			targets = (
				8DB118D71E9F456C009E67A8 /* Tan_TestIOS */,
				8D66ECFE1EAA071000616746 /* Tan_Swift */,
				EDDC27431EAF98C900B2B263 /* Tan_Block */,
				8DE8E1501EB0502E00DD5975 /* Tan_Notification */,
			);
		};
/* End PBXProject section */

/* Begin PBXResourcesBuildPhase section */
		8D66ECFD1EAA071000616746 /* Resources */ = {
			isa = PBXResourcesBuildPhase;
			buildActionMask = 2147483647;
			files = (
				8D66ED0C1EAA071000616746 /* LaunchScreen.storyboard in Resources */,
				8D66ED091EAA071000616746 /* Assets.xcassets in Resources */,
				8D66ED071EAA071000616746 /* Main.storyboard in Resources */,
			);
			runOnlyForDeploymentPostprocessing = 0;
		};
		8DB118D61E9F456C009E67A8 /* Resources */ = {
			isa = PBXResourcesBuildPhase;
			buildActionMask = 2147483647;
			files = (
				8DB118EB1E9F456D009E67A8 /* LaunchScreen.storyboard in Resources */,
				8DB118E81E9F456D009E67A8 /* Assets.xcassets in Resources */,
				8DB118E61E9F456D009E67A8 /* Main.storyboard in Resources */,
			);
			runOnlyForDeploymentPostprocessing = 0;
		};
		8DE8E14F1EB0502E00DD5975 /* Resources */ = {
			isa = PBXResourcesBuildPhase;
			buildActionMask = 2147483647;
			files = (
				8DE8E1631EB0502E00DD5975 /* LaunchScreen.storyboard in Resources */,
				8DE8E1601EB0502E00DD5975 /* Assets.xcassets in Resources */,
				8DD7A7CC1EB18F15008A3BDA /* comeon.jpg in Resources */,
				8DE8E15E1EB0502E00DD5975 /* Main.storyboard in Resources */,
			);
			runOnlyForDeploymentPostprocessing = 0;
		};
		EDDC27421EAF98C900B2B263 /* Resources */ = {
			isa = PBXResourcesBuildPhase;
			buildActionMask = 2147483647;
			files = (
				EDDC27561EAF98CA00B2B263 /* LaunchScreen.storyboard in Resources */,
				EDDC27531EAF98CA00B2B263 /* Assets.xcassets in Resources */,
				EDDC27511EAF98CA00B2B263 /* Main.storyboard in Resources */,
			);
			runOnlyForDeploymentPostprocessing = 0;
		};
/* End PBXResourcesBuildPhase section */

/* Begin PBXSourcesBuildPhase section */
		8D66ECFB1EAA071000616746 /* Sources */ = {
			isa = PBXSourcesBuildPhase;
			buildActionMask = 2147483647;
			files = (
				8D66ED041EAA071000616746 /* ViewController.swift in Sources */,
				8D66ED021EAA071000616746 /* AppDelegate.swift in Sources */,
			);
			runOnlyForDeploymentPostprocessing = 0;
		};
		8DB118D41E9F456C009E67A8 /* Sources */ = {
			isa = PBXSourcesBuildPhase;
			buildActionMask = 2147483647;
			files = (
				8D5A4E2B1EA8DAB300F048E7 /* TestVC.m in Sources */,
				8DB118E31E9F456D009E67A8 /* ViewController.m in Sources */,
				8DB118E01E9F456D009E67A8 /* AppDelegate.m in Sources */,
				8DB118DD1E9F456C009E67A8 /* main.m in Sources */,
			);
			runOnlyForDeploymentPostprocessing = 0;
		};
		8DE8E14D1EB0502E00DD5975 /* Sources */ = {
			isa = PBXSourcesBuildPhase;
			buildActionMask = 2147483647;
			files = (
				8DE8E15B1EB0502E00DD5975 /* ViewController.m in Sources */,
				8DE8E1581EB0502E00DD5975 /* AppDelegate.m in Sources */,
				8DE8E1551EB0502E00DD5975 /* main.m in Sources */,
			);
			runOnlyForDeploymentPostprocessing = 0;
		};
		EDDC27401EAF98C900B2B263 /* Sources */ = {
			isa = PBXSourcesBuildPhase;
			buildActionMask = 2147483647;
			files = (
				EDDC274E1EAF98CA00B2B263 /* ViewController.m in Sources */,
				EDDC274B1EAF98CA00B2B263 /* AppDelegate.m in Sources */,
				EDDC275D1EAFA5D700B2B263 /* Person.m in Sources */,
				EDDC27481EAF98C900B2B263 /* main.m in Sources */,
			);
			runOnlyForDeploymentPostprocessing = 0;
		};
/* End PBXSourcesBuildPhase section */

/* Begin PBXVariantGroup section */
		8D66ED051EAA071000616746 /* Main.storyboard */ = {
			isa = PBXVariantGroup;
			children = (
				8D66ED061EAA071000616746 /* Base */,
			);
			name = Main.storyboard;
			sourceTree = "<group>";
		};
		8D66ED0A1EAA071000616746 /* LaunchScreen.storyboard */ = {
			isa = PBXVariantGroup;
			children = (
				8D66ED0B1EAA071000616746 /* Base */,
			);
			name = LaunchScreen.storyboard;
			sourceTree = "<group>";
		};
		8DB118E41E9F456D009E67A8 /* Main.storyboard */ = {
			isa = PBXVariantGroup;
			children = (
				8DB118E51E9F456D009E67A8 /* Base */,
			);
			name = Main.storyboard;
			sourceTree = "<group>";
		};
		8DB118E91E9F456D009E67A8 /* LaunchScreen.storyboard */ = {
			isa = PBXVariantGroup;
			children = (
				8DB118EA1E9F456D009E67A8 /* Base */,
			);
			name = LaunchScreen.storyboard;
			sourceTree = "<group>";
		};
		8DE8E15C1EB0502E00DD5975 /* Main.storyboard */ = {
			isa = PBXVariantGroup;
			children = (
				8DE8E15D1EB0502E00DD5975 /* Base */,
			);
			name = Main.storyboard;
			sourceTree = "<group>";
		};
		8DE8E1611EB0502E00DD5975 /* LaunchScreen.storyboard */ = {
			isa = PBXVariantGroup;
			children = (
				8DE8E1621EB0502E00DD5975 /* Base */,
			);
			name = LaunchScreen.storyboard;
			sourceTree = "<group>";
		};
		EDDC274F1EAF98CA00B2B263 /* Main.storyboard */ = {
			isa = PBXVariantGroup;
			children = (
				EDDC27501EAF98CA00B2B263 /* Base */,
			);
			name = Main.storyboard;
			sourceTree = "<group>";
		};
		EDDC27541EAF98CA00B2B263 /* LaunchScreen.storyboard */ = {
			isa = PBXVariantGroup;
			children = (
				EDDC27551EAF98CA00B2B263 /* Base */,
			);
			name = LaunchScreen.storyboard;
			sourceTree = "<group>";
		};
/* End PBXVariantGroup section */

/* Begin XCBuildConfiguration section */
		8D66ED0E1EAA071000616746 /* Debug */ = {
			isa = XCBuildConfiguration;
			buildSettings = {
				ASSETCATALOG_COMPILER_APPICON_NAME = AppIcon;
				CLANG_ANALYZER_NUMBER_OBJECT_CONVERSION = YES_AGGRESSIVE;
				INFOPLIST_FILE = Tan_Swift/Info.plist;
				IPHONEOS_DEPLOYMENT_TARGET = 10.3;
				LD_RUNPATH_SEARCH_PATHS = "$(inherited) @executable_path/Frameworks";
				PRODUCT_BUNDLE_IDENTIFIER = "com.yam.Tan-Swift";
				PRODUCT_NAME = "$(TARGET_NAME)";
				SWIFT_ACTIVE_COMPILATION_CONDITIONS = DEBUG;
				SWIFT_OPTIMIZATION_LEVEL = "-Onone";
				SWIFT_VERSION = 3.0;
			};
			name = Debug;
		};
		8D66ED0F1EAA071000616746 /* Release */ = {
			isa = XCBuildConfiguration;
			buildSettings = {
				ASSETCATALOG_COMPILER_APPICON_NAME = AppIcon;
				CLANG_ANALYZER_NUMBER_OBJECT_CONVERSION = YES_AGGRESSIVE;
				INFOPLIST_FILE = Tan_Swift/Info.plist;
				IPHONEOS_DEPLOYMENT_TARGET = 10.3;
				LD_RUNPATH_SEARCH_PATHS = "$(inherited) @executable_path/Frameworks";
				PRODUCT_BUNDLE_IDENTIFIER = "com.yam.Tan-Swift";
				PRODUCT_NAME = "$(TARGET_NAME)";
				SWIFT_OPTIMIZATION_LEVEL = "-Owholemodule";
				SWIFT_VERSION = 3.0;
			};
			name = Release;
		};
		8DB118ED1E9F456D009E67A8 /* Debug */ = {
			isa = XCBuildConfiguration;
			buildSettings = {
				ALWAYS_SEARCH_USER_PATHS = NO;
				CLANG_ANALYZER_NONNULL = YES;
				CLANG_CXX_LANGUAGE_STANDARD = "gnu++0x";
				CLANG_CXX_LIBRARY = "libc++";
				CLANG_ENABLE_MODULES = YES;
				CLANG_ENABLE_OBJC_ARC = YES;
				CLANG_WARN_BOOL_CONVERSION = YES;
				CLANG_WARN_CONSTANT_CONVERSION = YES;
				CLANG_WARN_DIRECT_OBJC_ISA_USAGE = YES_ERROR;
				CLANG_WARN_DOCUMENTATION_COMMENTS = YES;
				CLANG_WARN_EMPTY_BODY = YES;
				CLANG_WARN_ENUM_CONVERSION = YES;
				CLANG_WARN_INFINITE_RECURSION = YES;
				CLANG_WARN_INT_CONVERSION = YES;
				CLANG_WARN_OBJC_ROOT_CLASS = YES_ERROR;
				CLANG_WARN_SUSPICIOUS_MOVE = YES;
				CLANG_WARN_UNREACHABLE_CODE = YES;
				CLANG_WARN__DUPLICATE_METHOD_MATCH = YES;
				"CODE_SIGN_IDENTITY[sdk=iphoneos*]" = "iPhone Developer";
				COPY_PHASE_STRIP = NO;
				DEBUG_INFORMATION_FORMAT = dwarf;
				ENABLE_STRICT_OBJC_MSGSEND = YES;
				ENABLE_TESTABILITY = YES;
				GCC_C_LANGUAGE_STANDARD = gnu99;
				GCC_DYNAMIC_NO_PIC = NO;
				GCC_NO_COMMON_BLOCKS = YES;
				GCC_OPTIMIZATION_LEVEL = 0;
				GCC_PREPROCESSOR_DEFINITIONS = (
					"DEBUG=1",
					"$(inherited)",
				);
				GCC_WARN_64_TO_32_BIT_CONVERSION = YES;
				GCC_WARN_ABOUT_RETURN_TYPE = YES_ERROR;
				GCC_WARN_UNDECLARED_SELECTOR = YES;
				GCC_WARN_UNINITIALIZED_AUTOS = YES_AGGRESSIVE;
				GCC_WARN_UNUSED_FUNCTION = YES;
				GCC_WARN_UNUSED_VARIABLE = YES;
				IPHONEOS_DEPLOYMENT_TARGET = 10.2;
				MTL_ENABLE_DEBUG_INFO = YES;
				ONLY_ACTIVE_ARCH = YES;
				SDKROOT = iphoneos;
				TARGETED_DEVICE_FAMILY = "1,2";
			};
			name = Debug;
		};
		8DB118EE1E9F456D009E67A8 /* Release */ = {
			isa = XCBuildConfiguration;
			buildSettings = {
				ALWAYS_SEARCH_USER_PATHS = NO;
				CLANG_ANALYZER_NONNULL = YES;
				CLANG_CXX_LANGUAGE_STANDARD = "gnu++0x";
				CLANG_CXX_LIBRARY = "libc++";
				CLANG_ENABLE_MODULES = YES;
				CLANG_ENABLE_OBJC_ARC = YES;
				CLANG_WARN_BOOL_CONVERSION = YES;
				CLANG_WARN_CONSTANT_CONVERSION = YES;
				CLANG_WARN_DIRECT_OBJC_ISA_USAGE = YES_ERROR;
				CLANG_WARN_DOCUMENTATION_COMMENTS = YES;
				CLANG_WARN_EMPTY_BODY = YES;
				CLANG_WARN_ENUM_CONVERSION = YES;
				CLANG_WARN_INFINITE_RECURSION = YES;
				CLANG_WARN_INT_CONVERSION = YES;
				CLANG_WARN_OBJC_ROOT_CLASS = YES_ERROR;
				CLANG_WARN_SUSPICIOUS_MOVE = YES;
				CLANG_WARN_UNREACHABLE_CODE = YES;
				CLANG_WARN__DUPLICATE_METHOD_MATCH = YES;
				"CODE_SIGN_IDENTITY[sdk=iphoneos*]" = "iPhone Developer";
				COPY_PHASE_STRIP = NO;
				DEBUG_INFORMATION_FORMAT = "dwarf-with-dsym";
				ENABLE_NS_ASSERTIONS = NO;
				ENABLE_STRICT_OBJC_MSGSEND = YES;
				GCC_C_LANGUAGE_STANDARD = gnu99;
				GCC_NO_COMMON_BLOCKS = YES;
				GCC_WARN_64_TO_32_BIT_CONVERSION = YES;
				GCC_WARN_ABOUT_RETURN_TYPE = YES_ERROR;
				GCC_WARN_UNDECLARED_SELECTOR = YES;
				GCC_WARN_UNINITIALIZED_AUTOS = YES_AGGRESSIVE;
				GCC_WARN_UNUSED_FUNCTION = YES;
				GCC_WARN_UNUSED_VARIABLE = YES;
				IPHONEOS_DEPLOYMENT_TARGET = 10.2;
				MTL_ENABLE_DEBUG_INFO = NO;
				SDKROOT = iphoneos;
				TARGETED_DEVICE_FAMILY = "1,2";
				VALIDATE_PRODUCT = YES;
			};
			name = Release;
		};
		8DB118F01E9F456D009E67A8 /* Debug */ = {
			isa = XCBuildConfiguration;
			buildSettings = {
				ASSETCATALOG_COMPILER_APPICON_NAME = AppIcon;
				CODE_SIGN_IDENTITY = "iPhone Developer: you me (C9EZJ36TTC)";
				"CODE_SIGN_IDENTITY[sdk=iphoneos*]" = "iPhone Developer: you me (C9EZJ36TTC)";
				DEVELOPMENT_TEAM = 38ZB8SW96P;
				INFOPLIST_FILE = Tan_TestIOS/Info.plist;
				LD_RUNPATH_SEARCH_PATHS = "$(inherited) @executable_path/Frameworks";
				PRODUCT_BUNDLE_IDENTIFIER = "com.yam.Tan-TestIOS";
				PRODUCT_NAME = "$(TARGET_NAME)";
				PROVISIONING_PROFILE = "868a0681-71b0-415d-b1ca-e332ad342c43";
				PROVISIONING_PROFILE_SPECIFIER = Developer_All_Device;
			};
			name = Debug;
		};
		8DB118F11E9F456D009E67A8 /* Release */ = {
			isa = XCBuildConfiguration;
			buildSettings = {
				ASSETCATALOG_COMPILER_APPICON_NAME = AppIcon;
				DEVELOPMENT_TEAM = "";
				INFOPLIST_FILE = Tan_TestIOS/Info.plist;
				LD_RUNPATH_SEARCH_PATHS = "$(inherited) @executable_path/Frameworks";
				PRODUCT_BUNDLE_IDENTIFIER = "com.yam.Tan-TestIOS";
				PRODUCT_NAME = "$(TARGET_NAME)";
			};
			name = Release;
		};
		8DE8E1651EB0502E00DD5975 /* Debug */ = {
			isa = XCBuildConfiguration;
			buildSettings = {
				ASSETCATALOG_COMPILER_APPICON_NAME = AppIcon;
				CODE_SIGN_IDENTITY = "iPhone Developer: you me (C9EZJ36TTC)";
				DEVELOPMENT_TEAM = 38ZB8SW96P;
				INFOPLIST_FILE = Tan_Notification/Info.plist;
				IPHONEOS_DEPLOYMENT_TARGET = 8.0;
				LD_RUNPATH_SEARCH_PATHS = "$(inherited) @executable_path/Frameworks";
				PRODUCT_BUNDLE_IDENTIFIER = "com.yam.Tan-Notification";
				PRODUCT_NAME = "$(TARGET_NAME)";
				PROVISIONING_PROFILE = "868a0681-71b0-415d-b1ca-e332ad342c43";
				PROVISIONING_PROFILE_SPECIFIER = Developer_All_Device;
			};
			name = Debug;
		};
		8DE8E1661EB0502E00DD5975 /* Release */ = {
			isa = XCBuildConfiguration;
			buildSettings = {
				ASSETCATALOG_COMPILER_APPICON_NAME = AppIcon;
				DEVELOPMENT_TEAM = 38ZB8SW96P;
				INFOPLIST_FILE = Tan_Notification/Info.plist;
				IPHONEOS_DEPLOYMENT_TARGET = 8.0;
				LD_RUNPATH_SEARCH_PATHS = "$(inherited) @executable_path/Frameworks";
				PRODUCT_BUNDLE_IDENTIFIER = "com.yam.Tan-Notification";
				PRODUCT_NAME = "$(TARGET_NAME)";
				PROVISIONING_PROFILE = "868a0681-71b0-415d-b1ca-e332ad342c43";
				PROVISIONING_PROFILE_SPECIFIER = Developer_All_Device;
			};
			name = Release;
		};
		EDDC27581EAF98CA00B2B263 /* Debug */ = {
			isa = XCBuildConfiguration;
			buildSettings = {
				ASSETCATALOG_COMPILER_APPICON_NAME = AppIcon;
				CLANG_ANALYZER_NUMBER_OBJECT_CONVERSION = YES_AGGRESSIVE;
				INFOPLIST_FILE = Tan_Block/Info.plist;
				IPHONEOS_DEPLOYMENT_TARGET = 10.3;
				LD_RUNPATH_SEARCH_PATHS = "$(inherited) @executable_path/Frameworks";
				PRODUCT_BUNDLE_IDENTIFIER = "com.xindongai.Tan-Block";
				PRODUCT_NAME = "$(TARGET_NAME)";
			};
			name = Debug;
		};
		EDDC27591EAF98CA00B2B263 /* Release */ = {
			isa = XCBuildConfiguration;
			buildSettings = {
				ASSETCATALOG_COMPILER_APPICON_NAME = AppIcon;
				CLANG_ANALYZER_NUMBER_OBJECT_CONVERSION = YES_AGGRESSIVE;
				INFOPLIST_FILE = Tan_Block/Info.plist;
				IPHONEOS_DEPLOYMENT_TARGET = 10.3;
				LD_RUNPATH_SEARCH_PATHS = "$(inherited) @executable_path/Frameworks";
				PRODUCT_BUNDLE_IDENTIFIER = "com.xindongai.Tan-Block";
				PRODUCT_NAME = "$(TARGET_NAME)";
			};
			name = Release;
		};
/* End XCBuildConfiguration section */

/* Begin XCConfigurationList section */
		8D66ED101EAA071000616746 /* Build configuration list for PBXNativeTarget "Tan_Swift" */ = {
			isa = XCConfigurationList;
			buildConfigurations = (
				8D66ED0E1EAA071000616746 /* Debug */,
				8D66ED0F1EAA071000616746 /* Release */,
			);
			defaultConfigurationIsVisible = 0;
			defaultConfigurationName = Release;
		};
		8DB118D31E9F456C009E67A8 /* Build configuration list for PBXProject "Tan_TestIOS" */ = {
			isa = XCConfigurationList;
			buildConfigurations = (
				8DB118ED1E9F456D009E67A8 /* Debug */,
				8DB118EE1E9F456D009E67A8 /* Release */,
			);
			defaultConfigurationIsVisible = 0;
			defaultConfigurationName = Release;
		};
		8DB118EF1E9F456D009E67A8 /* Build configuration list for PBXNativeTarget "Tan_TestIOS" */ = {
			isa = XCConfigurationList;
			buildConfigurations = (
				8DB118F01E9F456D009E67A8 /* Debug */,
				8DB118F11E9F456D009E67A8 /* Release */,
			);
			defaultConfigurationIsVisible = 0;
			defaultConfigurationName = Release;
		};
		8DE8E1671EB0502E00DD5975 /* Build configuration list for PBXNativeTarget "Tan_Notification" */ = {
			isa = XCConfigurationList;
			buildConfigurations = (
				8DE8E1651EB0502E00DD5975 /* Debug */,
				8DE8E1661EB0502E00DD5975 /* Release */,
			);
			defaultConfigurationIsVisible = 0;
			defaultConfigurationName = Release;
		};
		EDDC275A1EAF98CA00B2B263 /* Build configuration list for PBXNativeTarget "Tan_Block" */ = {
			isa = XCConfigurationList;
			buildConfigurations = (
				EDDC27581EAF98CA00B2B263 /* Debug */,
				EDDC27591EAF98CA00B2B263 /* Release */,
			);
			defaultConfigurationIsVisible = 0;
			defaultConfigurationName = Release;
		};
/* End XCConfigurationList section */
	};
	rootObject = 8DB118D01E9F456C009E67A8 /* Project object */;
}
